PODS:
  - AFNetworking (3.1.0):
    - AFNetworking/NSURLSession (= 3.1.0)
    - AFNetworking/Reachability (= 3.1.0)
    - AFNetworking/Security (= 3.1.0)
    - AFNetworking/Serialization (= 3.1.0)
    - AFNetworking/UIKit (= 3.1.0)
  - AFNetworking/NSURLSession (3.1.0):
    - AFNetworking/Reachability
    - AFNetworking/Security
    - AFNetworking/Serialization
  - AFNetworking/Reachability (3.1.0)
  - AFNetworking/Security (3.1.0)
  - AFNetworking/Serialization (3.1.0)
  - AFNetworking/UIKit (3.1.0):
    - AFNetworking/NSURLSession
  - AppFrameworkAlertsModule (4.2):
    - CocoaLumberjack
    - PWAlerts (~> 1.4.0)
  - AppFrameworkCore (4.2):
    - CocoaLumberjack
    - JLRoutes
    - PSAlertView (~> 2.0)
    - PWAds (~> 3.3.0)
    - PWAlerts (~> 1.4.0)
    - PWAnalytics (~> 1.3.0)
    - PWCME (~> 1.3.0)
    - PWCore (~> 2.0.0)
  - AppFrameworkDirectoryModule (4.2)
  - AppFrameworkEventsModule (4.2)
  - AppFrameworkLocationMarketingModule (4.2)
  - AppFrameworkMappingModule (4.2):
    - PWLocation (~> 1.2.0)
    - PWMapKit (~> 2.6.0)
    - REMenu
    - TurtleBezierPath
  - AppFrameworkParkingModule (4.1)
  - AppFrameworkRenderModule (4.2):
    - Mantle (~> 2.0)
  - CocoaLumberjack (2.3.0):
    - CocoaLumberjack/Default (= 2.3.0)
    - CocoaLumberjack/Extensions (= 2.3.0)
  - CocoaLumberjack/Core (2.3.0)
  - CocoaLumberjack/Default (2.3.0):
    - CocoaLumberjack/Core
  - CocoaLumberjack/Extensions (2.3.0):
    - CocoaLumberjack/Default
  - CoreNetwork (4.2):
    - AFNetworking
    - PW_Shared (~> 2.1.2)
    - SDWebImage (~> 3.7.2)
  - FirebaseAnalytics (3.3.1):
    - FirebaseInstanceID (~> 1.0)
    - GoogleInterchangeUtilities (~> 1.2)
    - GoogleSymbolUtilities (~> 1.1)
    - GoogleUtilities (~> 1.2)
  - FirebaseInstanceID (1.0.8)
  - Google/Analytics (3.0.3):
    - Google/Core
    - GoogleAnalytics (~> 3.12)
  - Google/Core (3.0.3):
    - FirebaseAnalytics (~> 3.2)
  - GoogleAnalytics (3.16.0)
  - GoogleInterchangeUtilities (1.2.1):
    - GoogleSymbolUtilities (~> 1.0)
  - GoogleSymbolUtilities (1.1.1)
  - GoogleUtilities (1.3.1):
    - GoogleSymbolUtilities (~> 1.0)
  - JLRoutes (1.6.1)
  - Mantle (2.0.7):
    - Mantle/extobjc (= 2.0.7)
  - Mantle/extobjc (2.0.7)
  - PSAlertView (2.0.3)
  - PW_Shared (2.1.2)
  - PWAds (3.3.0):
    - PWCore
  - PWAlerts (1.4.0):
    - PWCore
  - PWAnalytics (1.3.0):
    - PWCore
  - PWCME (1.3.0):
    - PWCore
  - PWCore (2.0.0)
  - PWLocalpoint (2.6.3.1)
  - PWLocation (1.2.1):
    - PWCore (~> 2.0.0)
  - PWMapKit (2.6.2):
    - PWCore (~> 2.0.0)
    - PWLocation (~> 1.2.0)
  - PWUIKit (0.0.1)
  - REMenu (1.10)
  - SDWebImage (3.7.6):
    - SDWebImage/Core (= 3.7.6)
  - SDWebImage/Core (3.7.6)
  - TurtleBezierPath (1.0)

DEPENDENCIES:
  - AppFrameworkAlertsModule (from `ssh://git@bitbucket.phunware.com:7999/af/af-sdk-ios-binary-alerts.git`, tag `v4.2`)
  - AppFrameworkCore (from `ssh://git@bitbucket.phunware.com:7999/af/af-sdk-ios-binary-core.git`, tag `v4.2`)
  - AppFrameworkDirectoryModule (from `ssh://git@bitbucket.phunware.com:7999/af/af-sdk-ios-binary-directory.git`, tag `v4.2`)
  - AppFrameworkEventsModule (from `ssh://git@bitbucket.phunware.com:7999/af/af-sdk-ios-binary-events.git`, tag `v4.2`)
  - AppFrameworkLocationMarketingModule (from `ssh://git@bitbucket.phunware.com:7999/af/af-sdk-ios-binary-location-marketing.git`, tag `v4.2`)
  - AppFrameworkMappingModule (from `ssh://git@bitbucket.phunware.com:7999/af/af-sdk-ios-binary-mapping.git`, tag `v4.2`)
  - AppFrameworkParkingModule (from `ssh://git@bitbucket.phunware.com:7999/af/af-sdk-ios-binary-parking.git`, tag `v4.2`)
  - AppFrameworkRenderModule (from `ssh://git@bitbucket.phunware.com:7999/af/af-sdk-ios-binary-render.git`, tag `v4.2`)
  - CoreNetwork (from `ssh://git@bitbucket.phunware.com:7999/af/af-sdk-ios-module-network.git`, tag `v4.2`)
  - Google/Analytics
  - PWLocalpoint (= 2.6.3.1)
  - PWUIKit (from `ssh://git@bitbucket.phunware.com:7999/af/af-sdk-ios-binary-pwuikit.git`, tag `v4.2`)

EXTERNAL SOURCES:
  AppFrameworkAlertsModule:
    :git: ssh://git@bitbucket.phunware.com:7999/af/af-sdk-ios-binary-alerts.git
    :tag: v4.2
  AppFrameworkCore:
    :git: ssh://git@bitbucket.phunware.com:7999/af/af-sdk-ios-binary-core.git
    :tag: v4.2
  AppFrameworkDirectoryModule:
    :git: ssh://git@bitbucket.phunware.com:7999/af/af-sdk-ios-binary-directory.git
    :tag: v4.2
  AppFrameworkEventsModule:
    :git: ssh://git@bitbucket.phunware.com:7999/af/af-sdk-ios-binary-events.git
    :tag: v4.2
  AppFrameworkLocationMarketingModule:
    :git: ssh://git@bitbucket.phunware.com:7999/af/af-sdk-ios-binary-location-marketing.git
    :tag: v4.2
  AppFrameworkMappingModule:
    :git: ssh://git@bitbucket.phunware.com:7999/af/af-sdk-ios-binary-mapping.git
    :tag: v4.2
  AppFrameworkParkingModule:
    :git: ssh://git@bitbucket.phunware.com:7999/af/af-sdk-ios-binary-parking.git
    :tag: v4.2
  AppFrameworkRenderModule:
    :git: ssh://git@bitbucket.phunware.com:7999/af/af-sdk-ios-binary-render.git
    :tag: v4.2
  CoreNetwork:
    :git: ssh://git@bitbucket.phunware.com:7999/af/af-sdk-ios-module-network.git
    :tag: v4.2
  PWUIKit:
    :git: ssh://git@bitbucket.phunware.com:7999/af/af-sdk-ios-binary-pwuikit.git
    :tag: v4.2

CHECKOUT OPTIONS:
  AppFrameworkAlertsModule:
    :git: ssh://git@bitbucket.phunware.com:7999/af/af-sdk-ios-binary-alerts.git
    :tag: v4.2
  AppFrameworkCore:
    :git: ssh://git@bitbucket.phunware.com:7999/af/af-sdk-ios-binary-core.git
    :tag: v4.2
  AppFrameworkDirectoryModule:
    :git: ssh://git@bitbucket.phunware.com:7999/af/af-sdk-ios-binary-directory.git
    :tag: v4.2
  AppFrameworkEventsModule:
    :git: ssh://git@bitbucket.phunware.com:7999/af/af-sdk-ios-binary-events.git
    :tag: v4.2
  AppFrameworkLocationMarketingModule:
    :git: ssh://git@bitbucket.phunware.com:7999/af/af-sdk-ios-binary-location-marketing.git
    :tag: v4.2
  AppFrameworkMappingModule:
    :git: ssh://git@bitbucket.phunware.com:7999/af/af-sdk-ios-binary-mapping.git
    :tag: v4.2
  AppFrameworkParkingModule:
    :git: ssh://git@bitbucket.phunware.com:7999/af/af-sdk-ios-binary-parking.git
    :tag: v4.2
  AppFrameworkRenderModule:
    :git: ssh://git@bitbucket.phunware.com:7999/af/af-sdk-ios-binary-render.git
    :tag: v4.2
  CoreNetwork:
    :git: ssh://git@bitbucket.phunware.com:7999/af/af-sdk-ios-module-network.git
    :tag: v4.2
  PWUIKit:
    :git: ssh://git@bitbucket.phunware.com:7999/af/af-sdk-ios-binary-pwuikit.git
    :tag: v4.2

SPEC CHECKSUMS:
  AFNetworking: 5e0e199f73d8626b11e79750991f5d173d1f8b67
  AppFrameworkAlertsModule: 46c189b918a1b4f8feb58ba574a010c7353649bf
  AppFrameworkCore: ed0ed2d359d04b55352a82776469bb04913b17a7
  AppFrameworkDirectoryModule: 764ef1692ba8ed66ababeebf1b796802a70173ac
  AppFrameworkEventsModule: 1af235a3e1e9ee7ab30c87194658ec91d0ec854d
  AppFrameworkLocationMarketingModule: e8eeff87dfa326c6aa2dd0f2a603ea10a09ed099
  AppFrameworkMappingModule: ef05abd3e34273d2056fdc675475be89ba9cd47d
  AppFrameworkParkingModule: de57779987afea11aaa37b5e300db7b9d5792919
  AppFrameworkRenderModule: fb3e5c99dccc7b98e5f669589156aa70b0e7db1f
  CocoaLumberjack: 97fab7ee5f507fe54445cca7ea80f926729cfd15
  CoreNetwork: d0750e3f7dd7d5cf8b0d98c4958f743be36a110b
  FirebaseAnalytics: d968d4d5f6aeb795cd64144337bcd233e530efc6
  FirebaseInstanceID: ba1e640935235e5fac39dfa816fe7660e72e1a8a
  Google: 813c467362eabc11385f5a5cc9ad0cb651a58f4e
  GoogleAnalytics: 3de986b2fa29012c69fa415566006a9c9cf25320
  GoogleInterchangeUtilities: def8415a862effc67d549d5b5b0b9c7a2f97d4de
  GoogleSymbolUtilities: 33117db1b5f290c6fbf259585e4885b4c84b98d7
  GoogleUtilities: 56c5ac05b7aa5dc417a1bb85221a9516e04d7032
  JLRoutes: 5a58e3970d03ade80fcdd3274b7b50f023eed4e1
  Mantle: bc40bb061d8c2c6fb48d5083e04d928c3b7f73d9
  PSAlertView: 16d35f5dba549418492cf68a750d4f0dca21f4a2
  PW_Shared: c280cddb8301e4f391e7d8400be39fe4dfd07fc1
  PWAds: 6cf7b925e25d51639de72581d4c5abe3bc74c103
  PWAlerts: 2e425cf1f88ffc627c8af875a8f2bdc3c8bd3efd
  PWAnalytics: 3dcaabd78e46cef1429352ef75609069f0f808de
  PWCME: e89339e757279130560bb06b5e315eb2d49accc8
  PWCore: 64c409008f6c6733f0145625ae144ad15a53e80d
  PWLocalpoint: e91c3ed9b9b5e2da4a4ee63a81fe55b79e47a6e7
  PWLocation: a493ea0bbbf364fe2e6c255c38d763c35bcc6248
  PWMapKit: 1e8a621adc8f0bc0e9bdaaf6855a7d1505247e50
  PWUIKit: 52e1a11dc9e27dcc16e50ec6185e9f75f25f044e
  REMenu: 30dad195930adf6c5eeb8041e3257aa60bf9fa49
  SDWebImage: c325cf02c30337336b95beff20a13df489ec0ec9
  TurtleBezierPath: 680f51b8ed5a27c652974f1b89782c8e2146116b

PODFILE CHECKSUM: 8e2a855f3de8cb6e585f65d52a8e1da0bd86b60a

COCOAPODS: 1.0.1
