PODS:
  - AFNetworking (2.6.3):
    - AFNetworking/NSURLConnection (= 2.6.3)
    - AFNetworking/NSURLSession (= 2.6.3)
    - AFNetworking/Reachability (= 2.6.3)
    - AFNetworking/Security (= 2.6.3)
    - AFNetworking/Serialization (= 2.6.3)
    - AFNetworking/UIKit (= 2.6.3)
  - AFNetworking/NSURLConnection (2.6.3):
    - AFNetworking/Reachability
    - AFNetworking/Security
    - AFNetworking/Serialization
  - AFNetworking/NSURLSession (2.6.3):
    - AFNetworking/Reachability
    - AFNetworking/Security
    - AFNetworking/Serialization
  - AFNetworking/Reachability (2.6.3)
  - AFNetworking/Security (2.6.3)
  - AFNetworking/Serialization (2.6.3)
  - AFNetworking/UIKit (2.6.3):
    - AFNetworking/NSURLConnection
    - AFNetworking/NSURLSession
  - AppFrameworkAlertsModule (1.0.0):
    - CocoaLumberjack
    - PWAlerts (~> 1.4.0)
  - AppFrameworkCore (1.0.0):
    - CocoaLumberjack
    - JLRoutes
    - PSAlertView (~> 2.0)
    - PWAlerts (~> 1.4.0)
    - PWAnalytics (~> 1.3.0)
    - PWCME (~> 1.3.0)
    - PWCore (~> 2.0.0)
  - AppFrameworkDirectoryModule (1.0.0)
  - AppFrameworkEventsModule (1.0.0)
  - AppFrameworkLocationMarketingModule (1.0.0)
  - AppFrameworkMappingModule (1.0.0):
    - PWLocation (~> 1.2.0)
    - PWMapKit (~> 2.6.0)
    - REMenu
    - TurtleBezierPath
  - AppFrameworkMoviesModule (1.0.0):
    - CocoaLumberjack
  - AppFrameworkParkingModule (1.0.0)
  - AppFrameworkRenderModule (1.0.0):
    - Mantle (~> 2.0)
  - AppFrameworkSalesModule (1.0.0):
    - CocoaLumberjack
  - CocoaLumberjack (2.2.0):
    - CocoaLumberjack/Default (= 2.2.0)
    - CocoaLumberjack/Extensions (= 2.2.0)
  - CocoaLumberjack/Core (2.2.0)
  - CocoaLumberjack/Default (2.2.0):
    - CocoaLumberjack/Core
  - CocoaLumberjack/Extensions (2.2.0):
    - CocoaLumberjack/Default
  - CoreNetwork (0.52):
    - AFNetworking
    - SDWebImage (~> 3.7.2)
  - JLRoutes (1.5.3)
  - Mantle (2.0.5):
    - Mantle/extobjc (= 2.0.5)
  - Mantle/extobjc (2.0.5)
  - PSAlertView (2.0.3)
  - PWAlerts (1.4.0):
    - PWCore
  - PWAnalytics (1.3.0):
    - PWCore
  - PWCME (1.3.0):
    - PWCore
  - PWCore (2.0.0)
  - PWLocalpoint (2.6.3.1)
  - PWLocation (1.2.0):
    - PWCore
  - PWMapKit (2.6.0):
    - PWCore
    - PWLocation
  - PWUIKit (0.0.1)
  - REMenu (1.10)
  - SDWebImage (3.7.3):
    - SDWebImage/Core (= 3.7.3)
  - SDWebImage/Core (3.7.3)
  - TurtleBezierPath (1.0)

DEPENDENCIES:
  - AppFrameworkAlertsModule (from `https://github.com/phunware/sdk-ios-appframework-alerts-binary.git`)
  - AppFrameworkCore (from `https://github.com/phunware/sdk-ios-appframework-core-binary.git`)
  - AppFrameworkDirectoryModule (from `https://github.com/phunware/sdk-ios-appframework-directory-binary.git`)
  - AppFrameworkEventsModule (from `https://github.com/phunware/sdk-ios-appframework-events-binary.git`)
  - AppFrameworkLocationMarketingModule (from `https://github.com/phunware/sdk-ios-appframework-location-marketing-binary.git`)
  - AppFrameworkMappingModule (from `https://github.com/phunware/sdk-ios-appframework-mapping-binary.git`)
  - AppFrameworkMoviesModule (from `https://github.com/phunware/sdk-ios-appframework-movies.git`)
  - AppFrameworkParkingModule (from `https://github.com/phunware/sdk-ios-appframework-parking-binary.git`)
  - AppFrameworkRenderModule (from `https://github.com/phunware/sdk-ios-appframework-render-binary.git`)
  - AppFrameworkSalesModule (from `https://github.com/phunware/sdk-ios-appframework-sales.git`)
  - CoreNetwork (from `https://github.com/phunware/sdk-ios-appframework-network.git`)
  - PWLocalpoint (from `https://github.com/phunware/maas-localpoint-ios-sdk.git`)
  - PWUIKit (from `https://github.com/phunware/sdk-ios-pwuikit-binary.git`)

EXTERNAL SOURCES:
  AppFrameworkAlertsModule:
    :git: https://github.com/phunware/sdk-ios-appframework-alerts-binary.git
  AppFrameworkCore:
    :git: https://github.com/phunware/sdk-ios-appframework-core-binary.git
  AppFrameworkDirectoryModule:
    :git: https://github.com/phunware/sdk-ios-appframework-directory-binary.git
  AppFrameworkEventsModule:
    :git: https://github.com/phunware/sdk-ios-appframework-events-binary.git
  AppFrameworkLocationMarketingModule:
    :git: https://github.com/phunware/sdk-ios-appframework-location-marketing-binary.git
  AppFrameworkMappingModule:
    :git: https://github.com/phunware/sdk-ios-appframework-mapping-binary.git
  AppFrameworkMoviesModule:
    :git: https://github.com/phunware/sdk-ios-appframework-movies.git
  AppFrameworkParkingModule:
    :git: https://github.com/phunware/sdk-ios-appframework-parking-binary.git
  AppFrameworkRenderModule:
    :git: https://github.com/phunware/sdk-ios-appframework-render-binary.git
  AppFrameworkSalesModule:
    :git: https://github.com/phunware/sdk-ios-appframework-sales.git
  CoreNetwork:
    :git: https://github.com/phunware/sdk-ios-appframework-network.git
  PWLocalpoint:
    :git: https://github.com/phunware/maas-localpoint-ios-sdk.git
  PWUIKit:
    :git: https://github.com/phunware/sdk-ios-pwuikit-binary.git

CHECKOUT OPTIONS:
  AppFrameworkAlertsModule:
    :commit: e08656ec963acaceabc2f0205cb9237579ef65e4
    :git: https://github.com/phunware/sdk-ios-appframework-alerts-binary.git
  AppFrameworkCore:
    :commit: 20baad56ca6a01240a929f6557ba059d42c87db3
    :git: https://github.com/phunware/sdk-ios-appframework-core-binary.git
  AppFrameworkDirectoryModule:
    :commit: fd4ab9ab5527fa4f83db869de0135021adceb3e1
    :git: https://github.com/phunware/sdk-ios-appframework-directory-binary.git
  AppFrameworkEventsModule:
    :commit: 125c140685683085c44a9ba22bf71d4fb4788082
    :git: https://github.com/phunware/sdk-ios-appframework-events-binary.git
  AppFrameworkLocationMarketingModule:
    :commit: 0cb88f8a24659b5b2fd1430268ce4e5fa0bac6b4
    :git: https://github.com/phunware/sdk-ios-appframework-location-marketing-binary.git
  AppFrameworkMappingModule:
    :commit: 5493df9c23f8fda0a8f16f3dca6c4a376c88ac39
    :git: https://github.com/phunware/sdk-ios-appframework-mapping-binary.git
  AppFrameworkMoviesModule:
    :commit: 4b8ae9f180718db7c68f00b8c4f45dceee159f72
    :git: https://github.com/phunware/sdk-ios-appframework-movies.git
  AppFrameworkParkingModule:
    :commit: 915145db75ac3940868694e433afd17e8767f748
    :git: https://github.com/phunware/sdk-ios-appframework-parking-binary.git
  AppFrameworkRenderModule:
    :commit: 265535ef1b1f868a7c3e70f473207362aa044958
    :git: https://github.com/phunware/sdk-ios-appframework-render-binary.git
  AppFrameworkSalesModule:
    :commit: c39462358a4c2c33b42ee0a4239e6bd7f27d0edb
    :git: https://github.com/phunware/sdk-ios-appframework-sales.git
  CoreNetwork:
    :commit: 9141d82d1d3758e592d06c06291ee2b864136b8f
    :git: https://github.com/phunware/sdk-ios-appframework-network.git
  PWLocalpoint:
    :commit: 1fab380471be3f0f2a520c82c45b4fcc7da61ff1
    :git: https://github.com/phunware/maas-localpoint-ios-sdk.git
  PWUIKit:
    :commit: 9b868d723f7fc57382946f00c4709eea2cfc58bd
    :git: https://github.com/phunware/sdk-ios-pwuikit-binary.git

SPEC CHECKSUMS:
  AFNetworking: cb8d14a848e831097108418f5d49217339d4eb60
  AppFrameworkAlertsModule: 3e7d018ac62d1cb29e8b647f6f4e278c8f931442
  AppFrameworkCore: c14dc1da96e36317e05891ab7013279bc5a0f1a6
  AppFrameworkDirectoryModule: a08acf0bf3c66aca377c66757634d1efd0eb1d77
  AppFrameworkEventsModule: 25ebf9a13a4e875e239692904ecb9078c6cf4f27
  AppFrameworkLocationMarketingModule: f744130295c6f0aa2c914d7049e5c7814b2e82f1
  AppFrameworkMappingModule: e889f644bfa6c4cd4833e2603303d6ac0f02c3bb
  AppFrameworkMoviesModule: 61445c0d655bc59103b354eb25e0af8e752057a4
  AppFrameworkParkingModule: e6391b280f2c8498124108ae32e4badfe36f9747
  AppFrameworkRenderModule: c8cb3d89c7bff1464982c082575d7af1de8d4951
  AppFrameworkSalesModule: b7c1168329a8d3b958a7d1a7f8acb32bfb4f0869
  CocoaLumberjack: 17fe8581f84914d5d7e6360f7c70022b173c3ae0
  CoreNetwork: c599b27199ebc0ad2e9b1b34a576e6e48c59f4cb
  JLRoutes: 20555d00693855b71e80715eeaae6a930a33b2f5
  Mantle: 1912395033f601de5adc8ee91e48f46e4c7051ad
  PSAlertView: 16d35f5dba549418492cf68a750d4f0dca21f4a2
  PWAlerts: 2e425cf1f88ffc627c8af875a8f2bdc3c8bd3efd
  PWAnalytics: 3dcaabd78e46cef1429352ef75609069f0f808de
  PWCME: e89339e757279130560bb06b5e315eb2d49accc8
  PWCore: 64c409008f6c6733f0145625ae144ad15a53e80d
  PWLocalpoint: e91c3ed9b9b5e2da4a4ee63a81fe55b79e47a6e7
  PWLocation: ffe62c2aec9de305452aad73db67d64c4354d216
  PWMapKit: 3b6dba1e01b11ff2f162a2d5b87351d14cc14f43
  PWUIKit: 52e1a11dc9e27dcc16e50ec6185e9f75f25f044e
  REMenu: 30dad195930adf6c5eeb8041e3257aa60bf9fa49
  SDWebImage: 1d2b1a1efda1ade1b00b6f8498865f8ddedc8a84
  TurtleBezierPath: 680f51b8ed5a27c652974f1b89782c8e2146116b

COCOAPODS: 0.39.0
