// !$*UTF8*$!
{
	archiveVersion = 1;
	classes = {
	};
	objectVersion = 46;
	objects = {

/* Begin PBXBuildFile section */
		133DB99F1F609A1D00E9D791 /* AFMH2VNoticeAlertViewController.plist in Resources */ = {isa = PBXBuildFile; fileRef = 133DB99E1F609A1D00E9D791 /* AFMH2VNoticeAlertViewController.plist */; };
		135B581B1F4CC9B5001A64FA /* AFDDirectoryCategoryViewController.plist in Resources */ = {isa = PBXBuildFile; fileRef = 135B581A1F4CC9B5001A64FA /* AFDDirectoryCategoryViewController.plist */; };
		137E88AA1F4CA57600DEF7A3 /* AFCCategoryViewController.plist in Resources */ = {isa = PBXBuildFile; fileRef = 137E88A91F4CA57600DEF7A3 /* AFCCategoryViewController.plist */; };
		3C1DE4301C3F306B0074369D /* AFGoogleAnalyticsController.m in Sources */ = {isa = PBXBuildFile; fileRef = 3C1DE42F1C3F306B0074369D /* AFGoogleAnalyticsController.m */; };
		4AD72CD87B22250320E754C5 /* libPods-GenericAF4.a in Frameworks */ = {isa = PBXBuildFile; fileRef = 6D5A55BB941F06A8E81EA3DF /* libPods-GenericAF4.a */; };
		55173FDE1D62790500EE540B /* UIConfigurationDefault.plist in Resources */ = {isa = PBXBuildFile; fileRef = 55173FDD1D62790500EE540B /* UIConfigurationDefault.plist */; };
		551BF9251C1B51E9004D7ECD /* (null) in Resources */ = {isa = PBXBuildFile; };
		551BF9261C1B51E9004D7ECD /* (null) in Resources */ = {isa = PBXBuildFile; };
		551BF9271C1B51E9004D7ECD /* (null) in Resources */ = {isa = PBXBuildFile; };
		551BF9281C1B51E9004D7ECD /* (null) in Resources */ = {isa = PBXBuildFile; };
		5555DB031C4460C900E37207 /* InfoPlist.strings in Resources */ = {isa = PBXBuildFile; fileRef = 5555DB051C4460C900E37207 /* InfoPlist.strings */; };
		5555DB0F1C448FDB00E37207 /* ModuleDefinition.plist in Resources */ = {isa = PBXBuildFile; fileRef = 5555DB111C448FDB00E37207 /* ModuleDefinition.plist */; };
		5574F54C1C3AD921007BC741 /* AFCUIMaasVersionCellViewClassTableViewCell.m in Sources */ = {isa = PBXBuildFile; fileRef = 5574F54B1C3AD921007BC741 /* AFCUIMaasVersionCellViewClassTableViewCell.m */; };
		5574F54F1C3AF889007BC741 /* AFCUILocationProviderViewClassTableViewCell.m in Sources */ = {isa = PBXBuildFile; fileRef = 5574F54E1C3AF889007BC741 /* AFCUILocationProviderViewClassTableViewCell.m */; };
		55BAB7CB1C3EB98600799988 /* PhunwareIntegration.plist in Resources */ = {isa = PBXBuildFile; fileRef = 55BAB7CD1C3EB98600799988 /* PhunwareIntegration.plist */; };
		7E47F5011F509A5600274CFF /* AFMRouteSelectionViewController.plist in Resources */ = {isa = PBXBuildFile; fileRef = 7E47F5001F509A5600274CFF /* AFMRouteSelectionViewController.plist */; };
		7E66B36D1F7045ED00B04A7E /* AFMOverwriteCustomPoiViewController.plist in Resources */ = {isa = PBXBuildFile; fileRef = 7E66B36C1F7045ED00B04A7E /* AFMOverwriteCustomPoiViewController.plist */; };
		7E66B36F1F70462700B04A7E /* AFCNoticeAlertViewController.plist in Resources */ = {isa = PBXBuildFile; fileRef = 7E66B36E1F70462700B04A7E /* AFCNoticeAlertViewController.plist */; };
		7E66B3761F70465A00B04A7E /* AFMLocationPermissionRequestViewController.plist in Resources */ = {isa = PBXBuildFile; fileRef = 7E66B3701F70465A00B04A7E /* AFMLocationPermissionRequestViewController.plist */; };
		7E66B3771F70465A00B04A7E /* AFMPOIListNoImageTableViewCell.plist in Resources */ = {isa = PBXBuildFile; fileRef = 7E66B3711F70465A00B04A7E /* AFMPOIListNoImageTableViewCell.plist */; };
		7E66B3781F70465A00B04A7E /* AFMPOIListTableViewCell.plist in Resources */ = {isa = PBXBuildFile; fileRef = 7E66B3721F70465A00B04A7E /* AFMPOIListTableViewCell.plist */; };
		7E66B3791F70465A00B04A7E /* AFMPOIListTrailingImageTableViewCell.plist in Resources */ = {isa = PBXBuildFile; fileRef = 7E66B3731F70465A00B04A7E /* AFMPOIListTrailingImageTableViewCell.plist */; };
		7E66B37A1F70465A00B04A7E /* AFMPOIPeekDetailViewController.plist in Resources */ = {isa = PBXBuildFile; fileRef = 7E66B3741F70465A00B04A7E /* AFMPOIPeekDetailViewController.plist */; };
		7E66B37B1F70465A00B04A7E /* AFMUIPOICategoryViewController.plist in Resources */ = {isa = PBXBuildFile; fileRef = 7E66B3751F70465A00B04A7E /* AFMUIPOICategoryViewController.plist */; };
		7E66B3851F7071CD00B04A7E /* AFMDeleteCustomPoiViewController.plist in Resources */ = {isa = PBXBuildFile; fileRef = 7E66B3841F7071CD00B04A7E /* AFMDeleteCustomPoiViewController.plist */; };
		7E66B3871F7564A000B04A7E /* Weather.xcassets in Resources */ = {isa = PBXBuildFile; fileRef = 7E66B3861F7564A000B04A7E /* Weather.xcassets */; };
		7E66B3911F78C9F200B04A7E /* AFMPOIFullDetailViewController.plist in Resources */ = {isa = PBXBuildFile; fileRef = 7E66B3901F78C9F200B04A7E /* AFMPOIFullDetailViewController.plist */; };
		7EF95DF51F26E91400CB9826 /* AFDDirectoryItemViewController.plist in Resources */ = {isa = PBXBuildFile; fileRef = 7EF95DEE1F26E91400CB9826 /* AFDDirectoryItemViewController.plist */; };
		7EF95DF61F26E91400CB9826 /* AFDDirectoryNoImageTableViewCell.plist in Resources */ = {isa = PBXBuildFile; fileRef = 7EF95DEF1F26E91400CB9826 /* AFDDirectoryNoImageTableViewCell.plist */; };
		7EF95DF71F26E91400CB9826 /* AFDDirectoryTableViewCell.plist in Resources */ = {isa = PBXBuildFile; fileRef = 7EF95DF01F26E91400CB9826 /* AFDDirectoryTableViewCell.plist */; };
		7EF95DF81F26E91400CB9826 /* AFDDirectoryTrailingImageTableViewCell.plist in Resources */ = {isa = PBXBuildFile; fileRef = 7EF95DF11F26E91400CB9826 /* AFDDirectoryTrailingImageTableViewCell.plist */; };
		7EF95DF91F26E91400CB9826 /* AFDDirectoryViewController.plist in Resources */ = {isa = PBXBuildFile; fileRef = 7EF95DF21F26E91400CB9826 /* AFDDirectoryViewController.plist */; };
		7EF95DFD1F26EC5E00CB9826 /* EventsDetailViewController.plist in Resources */ = {isa = PBXBuildFile; fileRef = 7EF95DFB1F26EC5E00CB9826 /* EventsDetailViewController.plist */; };
		7EF95DFE1F26EC5E00CB9826 /* EventsListViewController.plist in Resources */ = {isa = PBXBuildFile; fileRef = 7EF95DFC1F26EC5E00CB9826 /* EventsListViewController.plist */; };
		7EF95E041F26EFDD00CB9826 /* AFMCOfferDetailViewController.plist in Resources */ = {isa = PBXBuildFile; fileRef = 7EF95E001F26EFDD00CB9826 /* AFMCOfferDetailViewController.plist */; };
		7EF95E051F26EFDD00CB9826 /* AFMCOfferSwipeViewController.plist in Resources */ = {isa = PBXBuildFile; fileRef = 7EF95E011F26EFDD00CB9826 /* AFMCOfferSwipeViewController.plist */; };
		7EF95E061F26EFDD00CB9826 /* AFMCOfferTableViewCell.plist in Resources */ = {isa = PBXBuildFile; fileRef = 7EF95E021F26EFDD00CB9826 /* AFMCOfferTableViewCell.plist */; };
		7EF95E071F26EFDD00CB9826 /* AFMCOfferWalletViewController.plist in Resources */ = {isa = PBXBuildFile; fileRef = 7EF95E031F26EFDD00CB9826 /* AFMCOfferWalletViewController.plist */; };
		7EF95E0E1F2700EE00CB9826 /* AFCParkingMapViewController.plist in Resources */ = {isa = PBXBuildFile; fileRef = 7EF95E091F2700EE00CB9826 /* AFCParkingMapViewController.plist */; };
		7EF95E0F1F2700EE00CB9826 /* AFCParkingNoteViewController.plist in Resources */ = {isa = PBXBuildFile; fileRef = 7EF95E0A1F2700EE00CB9826 /* AFCParkingNoteViewController.plist */; };
		7EF95E101F2700EE00CB9826 /* AFCParkingPhotoViewController.plist in Resources */ = {isa = PBXBuildFile; fileRef = 7EF95E0B1F2700EE00CB9826 /* AFCParkingPhotoViewController.plist */; };
		7EF95E111F2700EE00CB9826 /* AFCParkingViewController.plist in Resources */ = {isa = PBXBuildFile; fileRef = 7EF95E0C1F2700EE00CB9826 /* AFCParkingViewController.plist */; };
		7EF95E121F2700EE00CB9826 /* AFCParkingVoiceMemoViewController.plist in Resources */ = {isa = PBXBuildFile; fileRef = 7EF95E0D1F2700EE00CB9826 /* AFCParkingVoiceMemoViewController.plist */; };
		7EF95E1C1F27AFAE00CB9826 /* AFMUIMapPickerTableViewCell.plist in Resources */ = {isa = PBXBuildFile; fileRef = 7EF95E141F27AFAE00CB9826 /* AFMUIMapPickerTableViewCell.plist */; };
		7EF95E1D1F27AFAE00CB9826 /* AFMUIMapPickerViewController.plist in Resources */ = {isa = PBXBuildFile; fileRef = 7EF95E151F27AFAE00CB9826 /* AFMUIMapPickerViewController.plist */; };
		7EF95E1E1F27AFAE00CB9826 /* AFMUIMapViewController.plist in Resources */ = {isa = PBXBuildFile; fileRef = 7EF95E161F27AFAE00CB9826 /* AFMUIMapViewController.plist */; };
		7EF95E1F1F27AFAE00CB9826 /* AFMUIPOIDetailViewController.plist in Resources */ = {isa = PBXBuildFile; fileRef = 7EF95E171F27AFAE00CB9826 /* AFMUIPOIDetailViewController.plist */; };
		7EF95E211F27AFAE00CB9826 /* AFMUIPOIViewController.plist in Resources */ = {isa = PBXBuildFile; fileRef = 7EF95E191F27AFAE00CB9826 /* AFMUIPOIViewController.plist */; };
		7EF95E221F27AFAE00CB9826 /* AFMUIRouteViewController.plist in Resources */ = {isa = PBXBuildFile; fileRef = 7EF95E1A1F27AFAE00CB9826 /* AFMUIRouteViewController.plist */; };
		7EF95E231F27AFAE00CB9826 /* AFMUITurnByTurnTableViewCell.plist in Resources */ = {isa = PBXBuildFile; fileRef = 7EF95E1B1F27AFAE00CB9826 /* AFMUITurnByTurnTableViewCell.plist */; };
		7EF95E2E1F27C8DC00CB9826 /* AFCBannerNotificationView.plist in Resources */ = {isa = PBXBuildFile; fileRef = 7EF95E261F27C8DC00CB9826 /* AFCBannerNotificationView.plist */; };
		7EF95E2F1F27C8DC00CB9826 /* AFCItemDetailViewController.plist in Resources */ = {isa = PBXBuildFile; fileRef = 7EF95E271F27C8DC00CB9826 /* AFCItemDetailViewController.plist */; };
		7EF95E301F27C8DC00CB9826 /* AFCLayerPickerTableViewCell.plist in Resources */ = {isa = PBXBuildFile; fileRef = 7EF95E281F27C8DC00CB9826 /* AFCLayerPickerTableViewCell.plist */; };
		7EF95E311F27C8DC00CB9826 /* AFCLayerPickerViewController.plist in Resources */ = {isa = PBXBuildFile; fileRef = 7EF95E291F27C8DC00CB9826 /* AFCLayerPickerViewController.plist */; };
		7EF95E321F27C8DC00CB9826 /* AFCUIEULAViewController.plist in Resources */ = {isa = PBXBuildFile; fileRef = 7EF95E2A1F27C8DC00CB9826 /* AFCUIEULAViewController.plist */; };
		7EF95E331F27C8DC00CB9826 /* AFCUIImageSplashViewController.plist in Resources */ = {isa = PBXBuildFile; fileRef = 7EF95E2B1F27C8DC00CB9826 /* AFCUIImageSplashViewController.plist */; };
		7EF95E341F27C8DC00CB9826 /* AFCUIModalWebBrowser.plist in Resources */ = {isa = PBXBuildFile; fileRef = 7EF95E2C1F27C8DC00CB9826 /* AFCUIModalWebBrowser.plist */; };
		7EF95E351F27C8DC00CB9826 /* AFCUIWebViewController.plist in Resources */ = {isa = PBXBuildFile; fileRef = 7EF95E2D1F27C8DC00CB9826 /* AFCUIWebViewController.plist */; };
		7EF95E371F27C8F000CB9826 /* AFMUILocationCell.plist in Resources */ = {isa = PBXBuildFile; fileRef = 7EF95E361F27C8F000CB9826 /* AFMUILocationCell.plist */; };
		7EF95E3B1F27C90400CB9826 /* AFCUIDynamicViewController.plist in Resources */ = {isa = PBXBuildFile; fileRef = 7EF95E381F27C90400CB9826 /* AFCUIDynamicViewController.plist */; };
		7EF95E3C1F27C90400CB9826 /* AFCUITrayMenuViewController.plist in Resources */ = {isa = PBXBuildFile; fileRef = 7EF95E391F27C90400CB9826 /* AFCUITrayMenuViewController.plist */; };
		7EF95E3D1F27C90400CB9826 /* EventTableViewCell.plist in Resources */ = {isa = PBXBuildFile; fileRef = 7EF95E3A1F27C90400CB9826 /* EventTableViewCell.plist */; };
		8C10FC371C49CD5A000A7913 /* Fabric.framework in Frameworks */ = {isa = PBXBuildFile; fileRef = 8C10FC361C49CD5A000A7913 /* Fabric.framework */; };
		8C64BA151D02143100AB0FDD /* CoreBluetooth.framework in Frameworks */ = {isa = PBXBuildFile; fileRef = 8C64BA141D02143100AB0FDD /* CoreBluetooth.framework */; };
		8CA4FA061C8F9FE900E0028C /* 20160120_android_multilayer_sandbox.s3db in Resources */ = {isa = PBXBuildFile; fileRef = 8CA4FA051C8F9FE900E0028C /* 20160120_android_multilayer_sandbox.s3db */; };
		8CB729D21C20A30D00F016B7 /* Crashlytics.framework in Frameworks */ = {isa = PBXBuildFile; fileRef = 8CB729D11C20A30D00F016B7 /* Crashlytics.framework */; };
		8CF49E0E1E96B23300568A52 /* AFMManagedProviderAlertTableViewCell.m in Sources */ = {isa = PBXBuildFile; fileRef = 8CF49E0D1E96B23300568A52 /* AFMManagedProviderAlertTableViewCell.m */; };
		8F06130F1BC8569800A55F16 /* main.m in Sources */ = {isa = PBXBuildFile; fileRef = 8F06130E1BC8569800A55F16 /* main.m */; };
		8F0613181BC8569800A55F16 /* Main.storyboard in Resources */ = {isa = PBXBuildFile; fileRef = 8F0613161BC8569800A55F16 /* Main.storyboard */; };
		8F106FA31BC9D44000CCDD86 /* InteractivePushNotificationCategories.plist in Resources */ = {isa = PBXBuildFile; fileRef = 8F106FA21BC9D44000CCDD86 /* InteractivePushNotificationCategories.plist */; };
		8F43558E1BC858B700FFD46C /* AppDelegate.m in Sources */ = {isa = PBXBuildFile; fileRef = 8F4355791BC858B700FFD46C /* AppDelegate.m */; };
		8F4355901BC858B700FFD46C /* Customization.xcassets in Resources */ = {isa = PBXBuildFile; fileRef = 8F43557D1BC858B700FFD46C /* Customization.xcassets */; };
		8F4355911BC858B700FFD46C /* Splash-568h@2x.mov in Resources */ = {isa = PBXBuildFile; fileRef = 8F43557E1BC858B700FFD46C /* Splash-568h@2x.mov */; };
		8F4355921BC858B700FFD46C /* Splash.mov in Resources */ = {isa = PBXBuildFile; fileRef = 8F43557F1BC858B700FFD46C /* Splash.mov */; };
		8F4355931BC858B700FFD46C /* Splash@2x.mov in Resources */ = {isa = PBXBuildFile; fileRef = 8F4355801BC858B700FFD46C /* Splash@2x.mov */; };
		8F4355941BC858B700FFD46C /* StandardIcons.xcassets in Resources */ = {isa = PBXBuildFile; fileRef = 8F4355811BC858B700FFD46C /* StandardIcons.xcassets */; };
		8F8C54171BD6DB440018A2ED /* SplashViewController.m in Sources */ = {isa = PBXBuildFile; fileRef = 8F8C54151BD6DB440018A2ED /* SplashViewController.m */; };
		8F8C54181BD6DB440018A2ED /* SplashViewController.xib in Resources */ = {isa = PBXBuildFile; fileRef = 8F8C54161BD6DB440018A2ED /* SplashViewController.xib */; };
		8F8C54281BD7E59B0018A2ED /* iTunesArtwork in Resources */ = {isa = PBXBuildFile; fileRef = 8F8C54271BD7E59B0018A2ED /* iTunesArtwork */; };
		8FB674781BD6D73000E7BFE4 /* LaunchScreen.xib in Resources */ = {isa = PBXBuildFile; fileRef = 8FB674771BD6D73000E7BFE4 /* LaunchScreen.xib */; };
		8FDD0F3A1BD1775500A0C512 /* GenericAppNavigationController.m in Sources */ = {isa = PBXBuildFile; fileRef = 8FDD0F381BD1775500A0C512 /* GenericAppNavigationController.m */; };
		8FDD0F3B1BD1775500A0C512 /* GenericAppNavigationController.xib in Resources */ = {isa = PBXBuildFile; fileRef = 8FDD0F391BD1775500A0C512 /* GenericAppNavigationController.xib */; };
		8FDD0F491BD190B900A0C512 /* ApplicationShortcuts.plist in Resources */ = {isa = PBXBuildFile; fileRef = 8FDD0F481BD190B900A0C512 /* ApplicationShortcuts.plist */; };
		A2B61E5B1EAFF5BB0023BC53 /* (null) in Resources */ = {isa = PBXBuildFile; };
		A2B61E5E1EAFF5BB0023BC53 /* (null) in Resources */ = {isa = PBXBuildFile; };
		C3F32B611F0ADA0000495919 /* AppFrameworkCore.strings in Resources */ = {isa = PBXBuildFile; fileRef = C3F32B4C1F0ADA0000495919 /* AppFrameworkCore.strings */; };
		C3F32B621F0ADA0000495919 /* AppFrameworkDirectory.strings in Resources */ = {isa = PBXBuildFile; fileRef = C3F32B4E1F0ADA0000495919 /* AppFrameworkDirectory.strings */; };
		C3F32B631F0ADA0000495919 /* AppFrameworkEvents.strings in Resources */ = {isa = PBXBuildFile; fileRef = C3F32B501F0ADA0000495919 /* AppFrameworkEvents.strings */; };
		C3F32B641F0ADA0000495919 /* AppFrameworkMapping.strings in Resources */ = {isa = PBXBuildFile; fileRef = C3F32B521F0ADA0000495919 /* AppFrameworkMapping.strings */; };
		C3F32B651F0ADA0000495919 /* AppFrameworkMessageCenter.strings in Resources */ = {isa = PBXBuildFile; fileRef = C3F32B541F0ADA0000495919 /* AppFrameworkMessageCenter.strings */; };
		C3F32B661F0ADA0000495919 /* AppFrameworkParking.strings in Resources */ = {isa = PBXBuildFile; fileRef = C3F32B561F0ADA0000495919 /* AppFrameworkParking.strings */; };
		C3F32B671F0ADA0000495919 /* AppFrameworkRender.strings in Resources */ = {isa = PBXBuildFile; fileRef = C3F32B581F0ADA0000495919 /* AppFrameworkRender.strings */; };
/* End PBXBuildFile section */

/* Begin PBXFileReference section */
		133DB99E1F609A1D00E9D791 /* AFMH2VNoticeAlertViewController.plist */ = {isa = PBXFileReference; fileEncoding = 4; lastKnownFileType = text.plist.xml; name = AFMH2VNoticeAlertViewController.plist; path = AppFrameworkMapping/AFMH2VNoticeAlertViewController.plist; sourceTree = "<group>"; };
		135B581A1F4CC9B5001A64FA /* AFDDirectoryCategoryViewController.plist */ = {isa = PBXFileReference; fileEncoding = 4; lastKnownFileType = text.plist.xml; name = AFDDirectoryCategoryViewController.plist; path = AppFrameworkDirectory/AFDDirectoryCategoryViewController.plist; sourceTree = "<group>"; };
		137E88A91F4CA57600DEF7A3 /* AFCCategoryViewController.plist */ = {isa = PBXFileReference; fileEncoding = 4; lastKnownFileType = text.plist.xml; name = AFCCategoryViewController.plist; path = AppFrameworkCore/AFCCategoryViewController.plist; sourceTree = "<group>"; };
		3C1DE42E1C3F306B0074369D /* AFGoogleAnalyticsController.h */ = {isa = PBXFileReference; fileEncoding = 4; lastKnownFileType = sourcecode.c.h; path = AFGoogleAnalyticsController.h; sourceTree = "<group>"; };
		3C1DE42F1C3F306B0074369D /* AFGoogleAnalyticsController.m */ = {isa = PBXFileReference; fileEncoding = 4; lastKnownFileType = sourcecode.c.objc; path = AFGoogleAnalyticsController.m; sourceTree = "<group>"; };
		49FCFC7DF95FB8AE2E10158A /* Pods-GenericAF4.adhoc.xcconfig */ = {isa = PBXFileReference; includeInIndex = 1; lastKnownFileType = text.xcconfig; name = "Pods-GenericAF4.adhoc.xcconfig"; path = "Pods/Target Support Files/Pods-GenericAF4/Pods-GenericAF4.adhoc.xcconfig"; sourceTree = "<group>"; };
		4FBB0FA85ED06251D65C4E04 /* Pods-GenericAF4.distribution.xcconfig */ = {isa = PBXFileReference; includeInIndex = 1; lastKnownFileType = text.xcconfig; name = "Pods-GenericAF4.distribution.xcconfig"; path = "Pods/Target Support Files/Pods-GenericAF4/Pods-GenericAF4.distribution.xcconfig"; sourceTree = "<group>"; };
		52AB9C471EF1E89C00A06AB3 /* pt */ = {isa = PBXFileReference; lastKnownFileType = text.plist.strings; name = pt; path = pt.lproj/InfoPlist.strings; sourceTree = "<group>"; };
		52AB9C481EF1E89D00A06AB3 /* pt */ = {isa = PBXFileReference; lastKnownFileType = text.plist.xml; name = pt; path = pt.lproj/PhunwareIntegration.plist; sourceTree = "<group>"; };
		55173FDD1D62790500EE540B /* UIConfigurationDefault.plist */ = {isa = PBXFileReference; fileEncoding = 4; lastKnownFileType = text.plist.xml; path = UIConfigurationDefault.plist; sourceTree = "<group>"; };
		5555DB041C4460C900E37207 /* Base */ = {isa = PBXFileReference; lastKnownFileType = text.plist.strings; name = Base; path = Base.lproj/InfoPlist.strings; sourceTree = "<group>"; };
		5555DB061C4460CC00E37207 /* es */ = {isa = PBXFileReference; lastKnownFileType = text.plist.strings; name = es; path = es.lproj/InfoPlist.strings; sourceTree = "<group>"; };
		5555DB101C448FDB00E37207 /* Base */ = {isa = PBXFileReference; lastKnownFileType = text.plist.xml; name = Base; path = Base.lproj/ModuleDefinition.plist; sourceTree = "<group>"; };
		5574F54A1C3AD921007BC741 /* AFCUIMaasVersionCellViewClassTableViewCell.h */ = {isa = PBXFileReference; fileEncoding = 4; lastKnownFileType = sourcecode.c.h; path = AFCUIMaasVersionCellViewClassTableViewCell.h; sourceTree = "<group>"; };
		5574F54B1C3AD921007BC741 /* AFCUIMaasVersionCellViewClassTableViewCell.m */ = {isa = PBXFileReference; fileEncoding = 4; lastKnownFileType = sourcecode.c.objc; path = AFCUIMaasVersionCellViewClassTableViewCell.m; sourceTree = "<group>"; };
		5574F54D1C3AF889007BC741 /* AFCUILocationProviderViewClassTableViewCell.h */ = {isa = PBXFileReference; fileEncoding = 4; lastKnownFileType = sourcecode.c.h; path = AFCUILocationProviderViewClassTableViewCell.h; sourceTree = "<group>"; };
		5574F54E1C3AF889007BC741 /* AFCUILocationProviderViewClassTableViewCell.m */ = {isa = PBXFileReference; fileEncoding = 4; lastKnownFileType = sourcecode.c.objc; path = AFCUILocationProviderViewClassTableViewCell.m; sourceTree = "<group>"; };
		558BA0B01C44533000394237 /* Base */ = {isa = PBXFileReference; lastKnownFileType = text.plist.xml; name = Base; path = Base.lproj/Info.plist; sourceTree = "<group>"; };
		55BAB7CC1C3EB98600799988 /* Base */ = {isa = PBXFileReference; lastKnownFileType = text.plist.xml; name = Base; path = Base.lproj/PhunwareIntegration.plist; sourceTree = "<group>"; };
		55BAB7CE1C3EB98800799988 /* es */ = {isa = PBXFileReference; lastKnownFileType = text.plist.xml; name = es; path = es.lproj/PhunwareIntegration.plist; sourceTree = "<group>"; };
		6D5A55BB941F06A8E81EA3DF /* libPods-GenericAF4.a */ = {isa = PBXFileReference; explicitFileType = archive.ar; includeInIndex = 0; path = "libPods-GenericAF4.a"; sourceTree = BUILT_PRODUCTS_DIR; };
		7E47F5001F509A5600274CFF /* AFMRouteSelectionViewController.plist */ = {isa = PBXFileReference; fileEncoding = 4; lastKnownFileType = text.plist.xml; name = AFMRouteSelectionViewController.plist; path = AppFrameworkMapping/AFMRouteSelectionViewController.plist; sourceTree = "<group>"; };
		7E66B36C1F7045ED00B04A7E /* AFMOverwriteCustomPoiViewController.plist */ = {isa = PBXFileReference; fileEncoding = 4; lastKnownFileType = text.plist.xml; name = AFMOverwriteCustomPoiViewController.plist; path = AppFrameworkMapping/AFMOverwriteCustomPoiViewController.plist; sourceTree = "<group>"; };
		7E66B36E1F70462700B04A7E /* AFCNoticeAlertViewController.plist */ = {isa = PBXFileReference; fileEncoding = 4; lastKnownFileType = text.plist.xml; name = AFCNoticeAlertViewController.plist; path = AppFrameworkCore/AFCNoticeAlertViewController.plist; sourceTree = "<group>"; };
		7E66B3701F70465A00B04A7E /* AFMLocationPermissionRequestViewController.plist */ = {isa = PBXFileReference; fileEncoding = 4; lastKnownFileType = text.plist.xml; name = AFMLocationPermissionRequestViewController.plist; path = AppFrameworkMapping/AFMLocationPermissionRequestViewController.plist; sourceTree = "<group>"; };
		7E66B3711F70465A00B04A7E /* AFMPOIListNoImageTableViewCell.plist */ = {isa = PBXFileReference; fileEncoding = 4; lastKnownFileType = text.plist.xml; name = AFMPOIListNoImageTableViewCell.plist; path = AppFrameworkMapping/AFMPOIListNoImageTableViewCell.plist; sourceTree = "<group>"; };
		7E66B3721F70465A00B04A7E /* AFMPOIListTableViewCell.plist */ = {isa = PBXFileReference; fileEncoding = 4; lastKnownFileType = text.plist.xml; name = AFMPOIListTableViewCell.plist; path = AppFrameworkMapping/AFMPOIListTableViewCell.plist; sourceTree = "<group>"; };
		7E66B3731F70465A00B04A7E /* AFMPOIListTrailingImageTableViewCell.plist */ = {isa = PBXFileReference; fileEncoding = 4; lastKnownFileType = text.plist.xml; name = AFMPOIListTrailingImageTableViewCell.plist; path = AppFrameworkMapping/AFMPOIListTrailingImageTableViewCell.plist; sourceTree = "<group>"; };
		7E66B3741F70465A00B04A7E /* AFMPOIPeekDetailViewController.plist */ = {isa = PBXFileReference; fileEncoding = 4; lastKnownFileType = text.plist.xml; name = AFMPOIPeekDetailViewController.plist; path = AppFrameworkMapping/AFMPOIPeekDetailViewController.plist; sourceTree = "<group>"; };
		7E66B3751F70465A00B04A7E /* AFMUIPOICategoryViewController.plist */ = {isa = PBXFileReference; fileEncoding = 4; lastKnownFileType = text.plist.xml; name = AFMUIPOICategoryViewController.plist; path = AppFrameworkMapping/AFMUIPOICategoryViewController.plist; sourceTree = "<group>"; };
		7E66B3841F7071CD00B04A7E /* AFMDeleteCustomPoiViewController.plist */ = {isa = PBXFileReference; fileEncoding = 4; lastKnownFileType = text.plist.xml; name = AFMDeleteCustomPoiViewController.plist; path = AppFrameworkMapping/AFMDeleteCustomPoiViewController.plist; sourceTree = "<group>"; };
		7E66B3861F7564A000B04A7E /* Weather.xcassets */ = {isa = PBXFileReference; lastKnownFileType = folder.assetcatalog; path = Weather.xcassets; sourceTree = "<group>"; };
		7E66B3901F78C9F200B04A7E /* AFMPOIFullDetailViewController.plist */ = {isa = PBXFileReference; fileEncoding = 4; lastKnownFileType = text.plist.xml; name = AFMPOIFullDetailViewController.plist; path = AppFrameworkMapping/AFMPOIFullDetailViewController.plist; sourceTree = "<group>"; };
		7E705E301DBE89C40047C09C /* GenericAF4.entitlements */ = {isa = PBXFileReference; lastKnownFileType = text.plist.entitlements; name = GenericAF4.entitlements; path = GenericAF4/GenericAF4.entitlements; sourceTree = "<group>"; };
		7EF95DCF1F22523300CB9826 /* ja */ = {isa = PBXFileReference; lastKnownFileType = text.plist.strings; name = ja; path = ja.lproj/AppFrameworkCore.strings; sourceTree = "<group>"; };
		7EF95DD01F2258DE00CB9826 /* ar */ = {isa = PBXFileReference; lastKnownFileType = text.plist.strings; name = ar; path = ar.lproj/AppFrameworkCore.strings; sourceTree = "<group>"; };
		7EF95DD11F225DAB00CB9826 /* zh */ = {isa = PBXFileReference; lastKnownFileType = text.plist.strings; name = zh; path = zh.lproj/AppFrameworkCore.strings; sourceTree = "<group>"; };
		7EF95DD21F22637800CB9826 /* pt */ = {isa = PBXFileReference; lastKnownFileType = text.plist.strings; name = pt; path = pt.lproj/AppFrameworkCore.strings; sourceTree = "<group>"; };
		7EF95DD31F229EBE00CB9826 /* ja */ = {isa = PBXFileReference; lastKnownFileType = text.plist.strings; name = ja; path = ja.lproj/AppFrameworkDirectory.strings; sourceTree = "<group>"; };
		7EF95DD41F229F5900CB9826 /* ar */ = {isa = PBXFileReference; lastKnownFileType = text.plist.strings; name = ar; path = ar.lproj/AppFrameworkDirectory.strings; sourceTree = "<group>"; };
		7EF95DD51F229F9600CB9826 /* zh */ = {isa = PBXFileReference; lastKnownFileType = text.plist.strings; name = zh; path = zh.lproj/AppFrameworkDirectory.strings; sourceTree = "<group>"; };
		7EF95DD61F229FD900CB9826 /* pt */ = {isa = PBXFileReference; lastKnownFileType = text.plist.strings; name = pt; path = pt.lproj/AppFrameworkDirectory.strings; sourceTree = "<group>"; };
		7EF95DD71F22A31B00CB9826 /* ja */ = {isa = PBXFileReference; lastKnownFileType = text.plist.strings; name = ja; path = ja.lproj/AppFrameworkEvents.strings; sourceTree = "<group>"; };
		7EF95DD81F22A40B00CB9826 /* ar */ = {isa = PBXFileReference; lastKnownFileType = text.plist.strings; name = ar; path = ar.lproj/AppFrameworkEvents.strings; sourceTree = "<group>"; };
		7EF95DD91F22A52200CB9826 /* zh */ = {isa = PBXFileReference; lastKnownFileType = text.plist.strings; name = zh; path = zh.lproj/AppFrameworkEvents.strings; sourceTree = "<group>"; };
		7EF95DDA1F22A5AA00CB9826 /* pt */ = {isa = PBXFileReference; lastKnownFileType = text.plist.strings; name = pt; path = pt.lproj/AppFrameworkEvents.strings; sourceTree = "<group>"; };
		7EF95DDB1F2651DA00CB9826 /* ja */ = {isa = PBXFileReference; lastKnownFileType = text.plist.strings; name = ja; path = ja.lproj/AppFrameworkMessageCenter.strings; sourceTree = "<group>"; };
		7EF95DDC1F2652CD00CB9826 /* ar */ = {isa = PBXFileReference; lastKnownFileType = text.plist.strings; name = ar; path = ar.lproj/AppFrameworkMessageCenter.strings; sourceTree = "<group>"; };
		7EF95DDD1F26536B00CB9826 /* zh */ = {isa = PBXFileReference; lastKnownFileType = text.plist.strings; name = zh; path = zh.lproj/AppFrameworkMessageCenter.strings; sourceTree = "<group>"; };
		7EF95DDE1F2653F200CB9826 /* pt */ = {isa = PBXFileReference; lastKnownFileType = text.plist.strings; name = pt; path = pt.lproj/AppFrameworkMessageCenter.strings; sourceTree = "<group>"; };
		7EF95DDF1F26574000CB9826 /* ja */ = {isa = PBXFileReference; lastKnownFileType = text.plist.strings; name = ja; path = ja.lproj/AppFrameworkParking.strings; sourceTree = "<group>"; };
		7EF95DE01F2658B000CB9826 /* ar */ = {isa = PBXFileReference; lastKnownFileType = text.plist.strings; name = ar; path = ar.lproj/AppFrameworkParking.strings; sourceTree = "<group>"; };
		7EF95DE11F265A3800CB9826 /* zh */ = {isa = PBXFileReference; lastKnownFileType = text.plist.strings; name = zh; path = zh.lproj/AppFrameworkParking.strings; sourceTree = "<group>"; };
		7EF95DE21F265CA600CB9826 /* pt */ = {isa = PBXFileReference; lastKnownFileType = text.plist.strings; name = pt; path = pt.lproj/AppFrameworkParking.strings; sourceTree = "<group>"; };
		7EF95DE31F265DDF00CB9826 /* ja */ = {isa = PBXFileReference; lastKnownFileType = text.plist.strings; name = ja; path = ja.lproj/AppFrameworkRender.strings; sourceTree = "<group>"; };
		7EF95DE41F265F1C00CB9826 /* ar */ = {isa = PBXFileReference; lastKnownFileType = text.plist.strings; name = ar; path = ar.lproj/AppFrameworkRender.strings; sourceTree = "<group>"; };
		7EF95DE51F26639200CB9826 /* zh */ = {isa = PBXFileReference; lastKnownFileType = text.plist.strings; name = zh; path = zh.lproj/AppFrameworkRender.strings; sourceTree = "<group>"; };
		7EF95DE61F26657500CB9826 /* pt */ = {isa = PBXFileReference; lastKnownFileType = text.plist.strings; name = pt; path = pt.lproj/AppFrameworkRender.strings; sourceTree = "<group>"; };
		7EF95DE71F26683E00CB9826 /* ja */ = {isa = PBXFileReference; lastKnownFileType = text.plist.strings; name = ja; path = ja.lproj/AppFrameworkMapping.strings; sourceTree = "<group>"; };
		7EF95DE81F266E2500CB9826 /* ar */ = {isa = PBXFileReference; lastKnownFileType = text.plist.strings; name = ar; path = ar.lproj/AppFrameworkMapping.strings; sourceTree = "<group>"; };
		7EF95DE91F2671FB00CB9826 /* zh */ = {isa = PBXFileReference; lastKnownFileType = text.plist.strings; name = zh; path = zh.lproj/AppFrameworkMapping.strings; sourceTree = "<group>"; };
		7EF95DEA1F26755900CB9826 /* pt */ = {isa = PBXFileReference; lastKnownFileType = text.plist.strings; name = pt; path = pt.lproj/AppFrameworkMapping.strings; sourceTree = "<group>"; };
		7EF95DEE1F26E91400CB9826 /* AFDDirectoryItemViewController.plist */ = {isa = PBXFileReference; fileEncoding = 4; lastKnownFileType = text.plist.xml; name = AFDDirectoryItemViewController.plist; path = AppFrameworkDirectory/AFDDirectoryItemViewController.plist; sourceTree = "<group>"; };
		7EF95DEF1F26E91400CB9826 /* AFDDirectoryNoImageTableViewCell.plist */ = {isa = PBXFileReference; fileEncoding = 4; lastKnownFileType = text.plist.xml; name = AFDDirectoryNoImageTableViewCell.plist; path = AppFrameworkDirectory/AFDDirectoryNoImageTableViewCell.plist; sourceTree = "<group>"; };
		7EF95DF01F26E91400CB9826 /* AFDDirectoryTableViewCell.plist */ = {isa = PBXFileReference; fileEncoding = 4; lastKnownFileType = text.plist.xml; name = AFDDirectoryTableViewCell.plist; path = AppFrameworkDirectory/AFDDirectoryTableViewCell.plist; sourceTree = "<group>"; };
		7EF95DF11F26E91400CB9826 /* AFDDirectoryTrailingImageTableViewCell.plist */ = {isa = PBXFileReference; fileEncoding = 4; lastKnownFileType = text.plist.xml; name = AFDDirectoryTrailingImageTableViewCell.plist; path = AppFrameworkDirectory/AFDDirectoryTrailingImageTableViewCell.plist; sourceTree = "<group>"; };
		7EF95DF21F26E91400CB9826 /* AFDDirectoryViewController.plist */ = {isa = PBXFileReference; fileEncoding = 4; lastKnownFileType = text.plist.xml; name = AFDDirectoryViewController.plist; path = AppFrameworkDirectory/AFDDirectoryViewController.plist; sourceTree = "<group>"; };
		7EF95DFB1F26EC5E00CB9826 /* EventsDetailViewController.plist */ = {isa = PBXFileReference; fileEncoding = 4; lastKnownFileType = text.plist.xml; name = EventsDetailViewController.plist; path = AppFrameworkEvents/EventsDetailViewController.plist; sourceTree = "<group>"; };
		7EF95DFC1F26EC5E00CB9826 /* EventsListViewController.plist */ = {isa = PBXFileReference; fileEncoding = 4; lastKnownFileType = text.plist.xml; name = EventsListViewController.plist; path = AppFrameworkEvents/EventsListViewController.plist; sourceTree = "<group>"; };
		7EF95E001F26EFDD00CB9826 /* AFMCOfferDetailViewController.plist */ = {isa = PBXFileReference; fileEncoding = 4; lastKnownFileType = text.plist.xml; name = AFMCOfferDetailViewController.plist; path = AppFrameworkMessageCenter/AFMCOfferDetailViewController.plist; sourceTree = "<group>"; };
		7EF95E011F26EFDD00CB9826 /* AFMCOfferSwipeViewController.plist */ = {isa = PBXFileReference; fileEncoding = 4; lastKnownFileType = text.plist.xml; name = AFMCOfferSwipeViewController.plist; path = AppFrameworkMessageCenter/AFMCOfferSwipeViewController.plist; sourceTree = "<group>"; };
		7EF95E021F26EFDD00CB9826 /* AFMCOfferTableViewCell.plist */ = {isa = PBXFileReference; fileEncoding = 4; lastKnownFileType = text.plist.xml; name = AFMCOfferTableViewCell.plist; path = AppFrameworkMessageCenter/AFMCOfferTableViewCell.plist; sourceTree = "<group>"; };
		7EF95E031F26EFDD00CB9826 /* AFMCOfferWalletViewController.plist */ = {isa = PBXFileReference; fileEncoding = 4; lastKnownFileType = text.plist.xml; name = AFMCOfferWalletViewController.plist; path = AppFrameworkMessageCenter/AFMCOfferWalletViewController.plist; sourceTree = "<group>"; };
		7EF95E091F2700EE00CB9826 /* AFCParkingMapViewController.plist */ = {isa = PBXFileReference; fileEncoding = 4; lastKnownFileType = text.plist.xml; name = AFCParkingMapViewController.plist; path = AppFrameworkParking/AFCParkingMapViewController.plist; sourceTree = "<group>"; };
		7EF95E0A1F2700EE00CB9826 /* AFCParkingNoteViewController.plist */ = {isa = PBXFileReference; fileEncoding = 4; lastKnownFileType = text.plist.xml; name = AFCParkingNoteViewController.plist; path = AppFrameworkParking/AFCParkingNoteViewController.plist; sourceTree = "<group>"; };
		7EF95E0B1F2700EE00CB9826 /* AFCParkingPhotoViewController.plist */ = {isa = PBXFileReference; fileEncoding = 4; lastKnownFileType = text.plist.xml; name = AFCParkingPhotoViewController.plist; path = AppFrameworkParking/AFCParkingPhotoViewController.plist; sourceTree = "<group>"; };
		7EF95E0C1F2700EE00CB9826 /* AFCParkingViewController.plist */ = {isa = PBXFileReference; fileEncoding = 4; lastKnownFileType = text.plist.xml; name = AFCParkingViewController.plist; path = AppFrameworkParking/AFCParkingViewController.plist; sourceTree = "<group>"; };
		7EF95E0D1F2700EE00CB9826 /* AFCParkingVoiceMemoViewController.plist */ = {isa = PBXFileReference; fileEncoding = 4; lastKnownFileType = text.plist.xml; name = AFCParkingVoiceMemoViewController.plist; path = AppFrameworkParking/AFCParkingVoiceMemoViewController.plist; sourceTree = "<group>"; };
		7EF95E141F27AFAE00CB9826 /* AFMUIMapPickerTableViewCell.plist */ = {isa = PBXFileReference; fileEncoding = 4; lastKnownFileType = text.plist.xml; name = AFMUIMapPickerTableViewCell.plist; path = AppFrameworkMapping/AFMUIMapPickerTableViewCell.plist; sourceTree = "<group>"; };
		7EF95E151F27AFAE00CB9826 /* AFMUIMapPickerViewController.plist */ = {isa = PBXFileReference; fileEncoding = 4; lastKnownFileType = text.plist.xml; name = AFMUIMapPickerViewController.plist; path = AppFrameworkMapping/AFMUIMapPickerViewController.plist; sourceTree = "<group>"; };
		7EF95E161F27AFAE00CB9826 /* AFMUIMapViewController.plist */ = {isa = PBXFileReference; fileEncoding = 4; lastKnownFileType = text.plist.xml; name = AFMUIMapViewController.plist; path = AppFrameworkMapping/AFMUIMapViewController.plist; sourceTree = "<group>"; };
		7EF95E171F27AFAE00CB9826 /* AFMUIPOIDetailViewController.plist */ = {isa = PBXFileReference; fileEncoding = 4; lastKnownFileType = text.plist.xml; name = AFMUIPOIDetailViewController.plist; path = AppFrameworkMapping/AFMUIPOIDetailViewController.plist; sourceTree = "<group>"; };
		7EF95E191F27AFAE00CB9826 /* AFMUIPOIViewController.plist */ = {isa = PBXFileReference; fileEncoding = 4; lastKnownFileType = text.plist.xml; name = AFMUIPOIViewController.plist; path = AppFrameworkMapping/AFMUIPOIViewController.plist; sourceTree = "<group>"; };
		7EF95E1A1F27AFAE00CB9826 /* AFMUIRouteViewController.plist */ = {isa = PBXFileReference; fileEncoding = 4; lastKnownFileType = text.plist.xml; name = AFMUIRouteViewController.plist; path = AppFrameworkMapping/AFMUIRouteViewController.plist; sourceTree = "<group>"; };
		7EF95E1B1F27AFAE00CB9826 /* AFMUITurnByTurnTableViewCell.plist */ = {isa = PBXFileReference; fileEncoding = 4; lastKnownFileType = text.plist.xml; name = AFMUITurnByTurnTableViewCell.plist; path = AppFrameworkMapping/AFMUITurnByTurnTableViewCell.plist; sourceTree = "<group>"; };
		7EF95E261F27C8DC00CB9826 /* AFCBannerNotificationView.plist */ = {isa = PBXFileReference; fileEncoding = 4; lastKnownFileType = text.plist.xml; name = AFCBannerNotificationView.plist; path = AppFrameworkCore/AFCBannerNotificationView.plist; sourceTree = "<group>"; };
		7EF95E271F27C8DC00CB9826 /* AFCItemDetailViewController.plist */ = {isa = PBXFileReference; fileEncoding = 4; lastKnownFileType = text.plist.xml; name = AFCItemDetailViewController.plist; path = AppFrameworkCore/AFCItemDetailViewController.plist; sourceTree = "<group>"; };
		7EF95E281F27C8DC00CB9826 /* AFCLayerPickerTableViewCell.plist */ = {isa = PBXFileReference; fileEncoding = 4; lastKnownFileType = text.plist.xml; name = AFCLayerPickerTableViewCell.plist; path = AppFrameworkCore/AFCLayerPickerTableViewCell.plist; sourceTree = "<group>"; };
		7EF95E291F27C8DC00CB9826 /* AFCLayerPickerViewController.plist */ = {isa = PBXFileReference; fileEncoding = 4; lastKnownFileType = text.plist.xml; name = AFCLayerPickerViewController.plist; path = AppFrameworkCore/AFCLayerPickerViewController.plist; sourceTree = "<group>"; };
		7EF95E2A1F27C8DC00CB9826 /* AFCUIEULAViewController.plist */ = {isa = PBXFileReference; fileEncoding = 4; lastKnownFileType = text.plist.xml; name = AFCUIEULAViewController.plist; path = AppFrameworkCore/AFCUIEULAViewController.plist; sourceTree = "<group>"; };
		7EF95E2B1F27C8DC00CB9826 /* AFCUIImageSplashViewController.plist */ = {isa = PBXFileReference; fileEncoding = 4; lastKnownFileType = text.plist.xml; name = AFCUIImageSplashViewController.plist; path = AppFrameworkCore/AFCUIImageSplashViewController.plist; sourceTree = "<group>"; };
		7EF95E2C1F27C8DC00CB9826 /* AFCUIModalWebBrowser.plist */ = {isa = PBXFileReference; fileEncoding = 4; lastKnownFileType = text.plist.xml; name = AFCUIModalWebBrowser.plist; path = AppFrameworkCore/AFCUIModalWebBrowser.plist; sourceTree = "<group>"; };
		7EF95E2D1F27C8DC00CB9826 /* AFCUIWebViewController.plist */ = {isa = PBXFileReference; fileEncoding = 4; lastKnownFileType = text.plist.xml; name = AFCUIWebViewController.plist; path = AppFrameworkCore/AFCUIWebViewController.plist; sourceTree = "<group>"; };
		7EF95E361F27C8F000CB9826 /* AFMUILocationCell.plist */ = {isa = PBXFileReference; fileEncoding = 4; lastKnownFileType = text.plist.xml; name = AFMUILocationCell.plist; path = AppFrameworkMapping/AFMUILocationCell.plist; sourceTree = "<group>"; };
		7EF95E381F27C90400CB9826 /* AFCUIDynamicViewController.plist */ = {isa = PBXFileReference; fileEncoding = 4; lastKnownFileType = text.plist.xml; name = AFCUIDynamicViewController.plist; path = AppFrameworkRender/AFCUIDynamicViewController.plist; sourceTree = "<group>"; };
		7EF95E391F27C90400CB9826 /* AFCUITrayMenuViewController.plist */ = {isa = PBXFileReference; fileEncoding = 4; lastKnownFileType = text.plist.xml; name = AFCUITrayMenuViewController.plist; path = AppFrameworkRender/AFCUITrayMenuViewController.plist; sourceTree = "<group>"; };
		7EF95E3A1F27C90400CB9826 /* EventTableViewCell.plist */ = {isa = PBXFileReference; fileEncoding = 4; lastKnownFileType = text.plist.xml; name = EventTableViewCell.plist; path = AppFrameworkRender/EventTableViewCell.plist; sourceTree = "<group>"; };
		8C10FC361C49CD5A000A7913 /* Fabric.framework */ = {isa = PBXFileReference; lastKnownFileType = wrapper.framework; path = Fabric.framework; sourceTree = "<group>"; };
		8C64BA141D02143100AB0FDD /* CoreBluetooth.framework */ = {isa = PBXFileReference; lastKnownFileType = wrapper.framework; name = CoreBluetooth.framework; path = System/Library/Frameworks/CoreBluetooth.framework; sourceTree = SDKROOT; };
		8C8951D41CD3C832005CBC96 /* Austin.gpx */ = {isa = PBXFileReference; lastKnownFileType = text.xml; name = Austin.gpx; path = Generic/Austin.gpx; sourceTree = "<group>"; };
		8CA4FA051C8F9FE900E0028C /* 20160120_android_multilayer_sandbox.s3db */ = {isa = PBXFileReference; lastKnownFileType = file; path = 20160120_android_multilayer_sandbox.s3db; sourceTree = "<group>"; };
		8CB729D11C20A30D00F016B7 /* Crashlytics.framework */ = {isa = PBXFileReference; lastKnownFileType = wrapper.framework; path = Crashlytics.framework; sourceTree = "<group>"; };
		8CF49E0C1E96B23300568A52 /* AFMManagedProviderAlertTableViewCell.h */ = {isa = PBXFileReference; fileEncoding = 4; lastKnownFileType = sourcecode.c.h; path = AFMManagedProviderAlertTableViewCell.h; sourceTree = "<group>"; };
		8CF49E0D1E96B23300568A52 /* AFMManagedProviderAlertTableViewCell.m */ = {isa = PBXFileReference; fileEncoding = 4; lastKnownFileType = sourcecode.c.objc; path = AFMManagedProviderAlertTableViewCell.m; sourceTree = "<group>"; };
		8F06130A1BC8569800A55F16 /* GenericAF4.app */ = {isa = PBXFileReference; explicitFileType = wrapper.application; includeInIndex = 0; path = GenericAF4.app; sourceTree = BUILT_PRODUCTS_DIR; };
		8F06130E1BC8569800A55F16 /* main.m */ = {isa = PBXFileReference; lastKnownFileType = sourcecode.c.objc; path = main.m; sourceTree = "<group>"; };
		8F106FA21BC9D44000CCDD86 /* InteractivePushNotificationCategories.plist */ = {isa = PBXFileReference; fileEncoding = 4; lastKnownFileType = text.plist.xml; path = InteractivePushNotificationCategories.plist; sourceTree = "<group>"; };
		8F4355781BC858B700FFD46C /* AppDelegate.h */ = {isa = PBXFileReference; fileEncoding = 4; lastKnownFileType = sourcecode.c.h; path = AppDelegate.h; sourceTree = "<group>"; };
		8F4355791BC858B700FFD46C /* AppDelegate.m */ = {isa = PBXFileReference; fileEncoding = 4; lastKnownFileType = sourcecode.c.objc; path = AppDelegate.m; sourceTree = "<group>"; };
		8F43557D1BC858B700FFD46C /* Customization.xcassets */ = {isa = PBXFileReference; lastKnownFileType = folder.assetcatalog; path = Customization.xcassets; sourceTree = "<group>"; };
		8F43557E1BC858B700FFD46C /* Splash-568h@2x.mov */ = {isa = PBXFileReference; lastKnownFileType = video.quicktime; path = "Splash-568h@2x.mov"; sourceTree = "<group>"; };
		8F43557F1BC858B700FFD46C /* Splash.mov */ = {isa = PBXFileReference; lastKnownFileType = video.quicktime; path = Splash.mov; sourceTree = "<group>"; };
		8F4355801BC858B700FFD46C /* Splash@2x.mov */ = {isa = PBXFileReference; lastKnownFileType = video.quicktime; path = "Splash@2x.mov"; sourceTree = "<group>"; };
		8F4355811BC858B700FFD46C /* StandardIcons.xcassets */ = {isa = PBXFileReference; lastKnownFileType = folder.assetcatalog; path = StandardIcons.xcassets; sourceTree = "<group>"; };
		8F8C54141BD6DB440018A2ED /* SplashViewController.h */ = {isa = PBXFileReference; fileEncoding = 4; lastKnownFileType = sourcecode.c.h; path = SplashViewController.h; sourceTree = "<group>"; };
		8F8C54151BD6DB440018A2ED /* SplashViewController.m */ = {isa = PBXFileReference; fileEncoding = 4; lastKnownFileType = sourcecode.c.objc; path = SplashViewController.m; sourceTree = "<group>"; };
		8F8C54161BD6DB440018A2ED /* SplashViewController.xib */ = {isa = PBXFileReference; fileEncoding = 4; lastKnownFileType = file.xib; path = SplashViewController.xib; sourceTree = "<group>"; };
		8F8C54271BD7E59B0018A2ED /* iTunesArtwork */ = {isa = PBXFileReference; lastKnownFileType = file; path = iTunesArtwork; sourceTree = "<group>"; };
		8FB674771BD6D73000E7BFE4 /* LaunchScreen.xib */ = {isa = PBXFileReference; fileEncoding = 4; lastKnownFileType = file.xib; path = LaunchScreen.xib; sourceTree = "<group>"; };
		8FDD0F371BD1775500A0C512 /* GenericAppNavigationController.h */ = {isa = PBXFileReference; fileEncoding = 4; lastKnownFileType = sourcecode.c.h; path = GenericAppNavigationController.h; sourceTree = "<group>"; };
		8FDD0F381BD1775500A0C512 /* GenericAppNavigationController.m */ = {isa = PBXFileReference; fileEncoding = 4; lastKnownFileType = sourcecode.c.objc; path = GenericAppNavigationController.m; sourceTree = "<group>"; };
		8FDD0F391BD1775500A0C512 /* GenericAppNavigationController.xib */ = {isa = PBXFileReference; fileEncoding = 4; lastKnownFileType = file.xib; path = GenericAppNavigationController.xib; sourceTree = "<group>"; };
		8FDD0F481BD190B900A0C512 /* ApplicationShortcuts.plist */ = {isa = PBXFileReference; fileEncoding = 4; lastKnownFileType = text.plist.xml; path = ApplicationShortcuts.plist; sourceTree = "<group>"; };
		C02DC45A51222D0A8E013A46 /* Pods-GenericAF4.release.xcconfig */ = {isa = PBXFileReference; includeInIndex = 1; lastKnownFileType = text.xcconfig; name = "Pods-GenericAF4.release.xcconfig"; path = "Pods/Target Support Files/Pods-GenericAF4/Pods-GenericAF4.release.xcconfig"; sourceTree = "<group>"; };
		C33EA5B71E4543D100D48C28 /* ja */ = {isa = PBXFileReference; lastKnownFileType = text.plist.xml; name = ja; path = ja.lproj/PhunwareIntegration.plist; sourceTree = "<group>"; };
		C33EA5BA1E454AB300D48C28 /* ar */ = {isa = PBXFileReference; lastKnownFileType = text.plist.xml; name = ar; path = ar.lproj/PhunwareIntegration.plist; sourceTree = "<group>"; };
		C33EA5BD1E48D77D00D48C28 /* zh */ = {isa = PBXFileReference; lastKnownFileType = text.plist.xml; name = zh; path = zh.lproj/PhunwareIntegration.plist; sourceTree = "<group>"; };
		C33EA5BE1E48D78B00D48C28 /* ja */ = {isa = PBXFileReference; lastKnownFileType = text.plist.strings; name = ja; path = ja.lproj/InfoPlist.strings; sourceTree = "<group>"; };
		C33EA5BF1E48D78D00D48C28 /* ar */ = {isa = PBXFileReference; lastKnownFileType = text.plist.strings; name = ar; path = ar.lproj/InfoPlist.strings; sourceTree = "<group>"; };
		C33EA5C01E48D78E00D48C28 /* zh */ = {isa = PBXFileReference; lastKnownFileType = text.plist.strings; name = zh; path = zh.lproj/InfoPlist.strings; sourceTree = "<group>"; };
		C3E9F4A61EFD871C006C7445 /* Base */ = {isa = PBXFileReference; lastKnownFileType = file.storyboard; name = Base; path = Base.lproj/Main.storyboard; sourceTree = "<group>"; };
		C3F32B4D1F0ADA0000495919 /* en */ = {isa = PBXFileReference; lastKnownFileType = text.plist.strings; name = en; path = en.lproj/AppFrameworkCore.strings; sourceTree = "<group>"; };
		C3F32B4F1F0ADA0000495919 /* en */ = {isa = PBXFileReference; lastKnownFileType = text.plist.strings; name = en; path = en.lproj/AppFrameworkDirectory.strings; sourceTree = "<group>"; };
		C3F32B511F0ADA0000495919 /* en */ = {isa = PBXFileReference; lastKnownFileType = text.plist.strings; name = en; path = en.lproj/AppFrameworkEvents.strings; sourceTree = "<group>"; };
		C3F32B531F0ADA0000495919 /* en */ = {isa = PBXFileReference; fileEncoding = 4; lastKnownFileType = text.plist.strings; name = en; path = en.lproj/AppFrameworkMapping.strings; sourceTree = "<group>"; };
		C3F32B551F0ADA0000495919 /* en */ = {isa = PBXFileReference; lastKnownFileType = text.plist.strings; name = en; path = en.lproj/AppFrameworkMessageCenter.strings; sourceTree = "<group>"; };
		C3F32B571F0ADA0000495919 /* en */ = {isa = PBXFileReference; lastKnownFileType = text.plist.strings; name = en; path = en.lproj/AppFrameworkParking.strings; sourceTree = "<group>"; };
		C3F32B591F0ADA0000495919 /* en */ = {isa = PBXFileReference; lastKnownFileType = text.plist.strings; name = en; path = en.lproj/AppFrameworkRender.strings; sourceTree = "<group>"; };
		C3F32B5A1F0ADA0000495919 /* es */ = {isa = PBXFileReference; lastKnownFileType = text.plist.strings; name = es; path = es.lproj/AppFrameworkCore.strings; sourceTree = "<group>"; };
		C3F32B5B1F0ADA0000495919 /* es */ = {isa = PBXFileReference; lastKnownFileType = text.plist.strings; name = es; path = es.lproj/AppFrameworkDirectory.strings; sourceTree = "<group>"; };
		C3F32B5C1F0ADA0000495919 /* es */ = {isa = PBXFileReference; lastKnownFileType = text.plist.strings; name = es; path = es.lproj/AppFrameworkEvents.strings; sourceTree = "<group>"; };
		C3F32B5D1F0ADA0000495919 /* es */ = {isa = PBXFileReference; lastKnownFileType = text.plist.strings; name = es; path = es.lproj/AppFrameworkMapping.strings; sourceTree = "<group>"; };
		C3F32B5E1F0ADA0000495919 /* es */ = {isa = PBXFileReference; lastKnownFileType = text.plist.strings; name = es; path = es.lproj/AppFrameworkMessageCenter.strings; sourceTree = "<group>"; };
		C3F32B5F1F0ADA0000495919 /* es */ = {isa = PBXFileReference; lastKnownFileType = text.plist.strings; name = es; path = es.lproj/AppFrameworkParking.strings; sourceTree = "<group>"; };
		C3F32B601F0ADA0000495919 /* es */ = {isa = PBXFileReference; lastKnownFileType = text.plist.strings; name = es; path = es.lproj/AppFrameworkRender.strings; sourceTree = "<group>"; };
		CD63D1DBC98CA341DD182074 /* Pods-GenericAF4.debug.xcconfig */ = {isa = PBXFileReference; includeInIndex = 1; lastKnownFileType = text.xcconfig; name = "Pods-GenericAF4.debug.xcconfig"; path = "Pods/Target Support Files/Pods-GenericAF4/Pods-GenericAF4.debug.xcconfig"; sourceTree = "<group>"; };
/* End PBXFileReference section */

/* Begin PBXFrameworksBuildPhase section */
		8F0613071BC8569800A55F16 /* Frameworks */ = {
			isa = PBXFrameworksBuildPhase;
			buildActionMask = 2147483647;
			files = (
				8C64BA151D02143100AB0FDD /* CoreBluetooth.framework in Frameworks */,
				8CB729D21C20A30D00F016B7 /* Crashlytics.framework in Frameworks */,
				8C10FC371C49CD5A000A7913 /* Fabric.framework in Frameworks */,
				4AD72CD87B22250320E754C5 /* libPods-GenericAF4.a in Frameworks */,
			);
			runOnlyForDeploymentPostprocessing = 0;
		};
/* End PBXFrameworksBuildPhase section */

/* Begin PBXGroup section */
		107C6A95EB070C251FE734E3 /* Frameworks */ = {
			isa = PBXGroup;
			children = (
				8C64BA141D02143100AB0FDD /* CoreBluetooth.framework */,
				8C10FC361C49CD5A000A7913 /* Fabric.framework */,
				8CB729D11C20A30D00F016B7 /* Crashlytics.framework */,
				6D5A55BB941F06A8E81EA3DF /* libPods-GenericAF4.a */,
			);
			name = Frameworks;
			sourceTree = "<group>";
		};
		5520ABC11C19E36E00757715 /* Splash */ = {
			isa = PBXGroup;
			children = (
			);
			name = Splash;
			sourceTree = "<group>";
		};
		7EF95DEB1F26E90200CB9826 /* AppFrameworkDirectory */ = {
			isa = PBXGroup;
			children = (
				135B581A1F4CC9B5001A64FA /* AFDDirectoryCategoryViewController.plist */,
				7EF95DF21F26E91400CB9826 /* AFDDirectoryViewController.plist */,
				7EF95DF01F26E91400CB9826 /* AFDDirectoryTableViewCell.plist */,
				7EF95DEF1F26E91400CB9826 /* AFDDirectoryNoImageTableViewCell.plist */,
				7EF95DF11F26E91400CB9826 /* AFDDirectoryTrailingImageTableViewCell.plist */,
				7EF95DEE1F26E91400CB9826 /* AFDDirectoryItemViewController.plist */,
			);
			name = AppFrameworkDirectory;
			sourceTree = "<group>";
		};
		7EF95DFA1F26EC4B00CB9826 /* AppFrameworkEvents */ = {
			isa = PBXGroup;
			children = (
				7EF95DFC1F26EC5E00CB9826 /* EventsListViewController.plist */,
				7EF95DFB1F26EC5E00CB9826 /* EventsDetailViewController.plist */,
			);
			name = AppFrameworkEvents;
			sourceTree = "<group>";
		};
		7EF95DFF1F26EF3000CB9826 /* AppFrameworkMessageCenter */ = {
			isa = PBXGroup;
			children = (
				7EF95E031F26EFDD00CB9826 /* AFMCOfferWalletViewController.plist */,
				7EF95E021F26EFDD00CB9826 /* AFMCOfferTableViewCell.plist */,
				7EF95E001F26EFDD00CB9826 /* AFMCOfferDetailViewController.plist */,
				7EF95E011F26EFDD00CB9826 /* AFMCOfferSwipeViewController.plist */,
			);
			name = AppFrameworkMessageCenter;
			sourceTree = "<group>";
		};
		7EF95E081F27002500CB9826 /* AppFrameworkParking */ = {
			isa = PBXGroup;
			children = (
				7EF95E0C1F2700EE00CB9826 /* AFCParkingViewController.plist */,
				7EF95E0D1F2700EE00CB9826 /* AFCParkingVoiceMemoViewController.plist */,
				7EF95E0A1F2700EE00CB9826 /* AFCParkingNoteViewController.plist */,
				7EF95E0B1F2700EE00CB9826 /* AFCParkingPhotoViewController.plist */,
				7EF95E091F2700EE00CB9826 /* AFCParkingMapViewController.plist */,
			);
			name = AppFrameworkParking;
			sourceTree = "<group>";
		};
		7EF95E131F27AF9D00CB9826 /* AppFrameworkMapping */ = {
			isa = PBXGroup;
			children = (
				7E66B3701F70465A00B04A7E /* AFMLocationPermissionRequestViewController.plist */,
				7E66B3711F70465A00B04A7E /* AFMPOIListNoImageTableViewCell.plist */,
				7E66B3721F70465A00B04A7E /* AFMPOIListTableViewCell.plist */,
				7E66B3731F70465A00B04A7E /* AFMPOIListTrailingImageTableViewCell.plist */,
				7E66B3741F70465A00B04A7E /* AFMPOIPeekDetailViewController.plist */,
				7E66B3751F70465A00B04A7E /* AFMUIPOICategoryViewController.plist */,
				133DB99E1F609A1D00E9D791 /* AFMH2VNoticeAlertViewController.plist */,
				7EF95E361F27C8F000CB9826 /* AFMUILocationCell.plist */,
				7EF95E161F27AFAE00CB9826 /* AFMUIMapViewController.plist */,
				7EF95E151F27AFAE00CB9826 /* AFMUIMapPickerViewController.plist */,
				7EF95E141F27AFAE00CB9826 /* AFMUIMapPickerTableViewCell.plist */,
				7EF95E1A1F27AFAE00CB9826 /* AFMUIRouteViewController.plist */,
				7EF95E191F27AFAE00CB9826 /* AFMUIPOIViewController.plist */,
				7EF95E171F27AFAE00CB9826 /* AFMUIPOIDetailViewController.plist */,
				7EF95E1B1F27AFAE00CB9826 /* AFMUITurnByTurnTableViewCell.plist */,
				7E47F5001F509A5600274CFF /* AFMRouteSelectionViewController.plist */,
				7E66B36C1F7045ED00B04A7E /* AFMOverwriteCustomPoiViewController.plist */,
				7E66B3841F7071CD00B04A7E /* AFMDeleteCustomPoiViewController.plist */,
				7E66B3901F78C9F200B04A7E /* AFMPOIFullDetailViewController.plist */,
			);
			name = AppFrameworkMapping;
			sourceTree = "<group>";
		};
		7EF95E241F27C8C600CB9826 /* AppFrameworkCore */ = {
			isa = PBXGroup;
			children = (
				7E66B36E1F70462700B04A7E /* AFCNoticeAlertViewController.plist */,
				7EF95E261F27C8DC00CB9826 /* AFCBannerNotificationView.plist */,
				7EF95E271F27C8DC00CB9826 /* AFCItemDetailViewController.plist */,
				7EF95E281F27C8DC00CB9826 /* AFCLayerPickerTableViewCell.plist */,
				7EF95E291F27C8DC00CB9826 /* AFCLayerPickerViewController.plist */,
				7EF95E2A1F27C8DC00CB9826 /* AFCUIEULAViewController.plist */,
				7EF95E2B1F27C8DC00CB9826 /* AFCUIImageSplashViewController.plist */,
				7EF95E2C1F27C8DC00CB9826 /* AFCUIModalWebBrowser.plist */,
				7EF95E2D1F27C8DC00CB9826 /* AFCUIWebViewController.plist */,
				137E88A91F4CA57600DEF7A3 /* AFCCategoryViewController.plist */,
			);
			name = AppFrameworkCore;
			sourceTree = "<group>";
		};
		7EF95E251F27C8CD00CB9826 /* AppFrameworkRender */ = {
			isa = PBXGroup;
			children = (
				7EF95E381F27C90400CB9826 /* AFCUIDynamicViewController.plist */,
				7EF95E391F27C90400CB9826 /* AFCUITrayMenuViewController.plist */,
				7EF95E3A1F27C90400CB9826 /* EventTableViewCell.plist */,
			);
			name = AppFrameworkRender;
			sourceTree = "<group>";
		};
		8F0613011BC8569800A55F16 = {
			isa = PBXGroup;
			children = (
				7E705E301DBE89C40047C09C /* GenericAF4.entitlements */,
				8C8951D41CD3C832005CBC96 /* Austin.gpx */,
				8F06130C1BC8569800A55F16 /* Generic */,
				8F06130B1BC8569800A55F16 /* Products */,
				107C6A95EB070C251FE734E3 /* Frameworks */,
				CF99A4EC9477B8A8D7AEE9C6 /* Pods */,
			);
			sourceTree = "<group>";
		};
		8F06130B1BC8569800A55F16 /* Products */ = {
			isa = PBXGroup;
			children = (
				8F06130A1BC8569800A55F16 /* GenericAF4.app */,
			);
			name = Products;
			sourceTree = "<group>";
		};
		8F06130C1BC8569800A55F16 /* Generic */ = {
			isa = PBXGroup;
			children = (
				C3F32B4B1F0ADA0000495919 /* Strings */,
				8F43556C1BC858B700FFD46C /* UIConfiguration */,
				8F4355771BC858B700FFD46C /* Source */,
				8F43557C1BC858B700FFD46C /* Assets */,
				8F4355821BC858B700FFD46C /* ActionConfiguration */,
				5555DB051C4460C900E37207 /* InfoPlist.strings */,
				8FB674771BD6D73000E7BFE4 /* LaunchScreen.xib */,
				8F0613161BC8569800A55F16 /* Main.storyboard */,
				55BAB7CD1C3EB98600799988 /* PhunwareIntegration.plist */,
				558BA0AF1C44531A00394237 /* Info.plist */,
				8F06130D1BC8569800A55F16 /* Supporting Files */,
			);
			path = Generic;
			sourceTree = "<group>";
		};
		8F06130D1BC8569800A55F16 /* Supporting Files */ = {
			isa = PBXGroup;
			children = (
				5520ABC11C19E36E00757715 /* Splash */,
				8F06130E1BC8569800A55F16 /* main.m */,
			);
			name = "Supporting Files";
			sourceTree = "<group>";
		};
		8F43556C1BC858B700FFD46C /* UIConfiguration */ = {
			isa = PBXGroup;
			children = (
				7EF95E241F27C8C600CB9826 /* AppFrameworkCore */,
				7EF95DEB1F26E90200CB9826 /* AppFrameworkDirectory */,
				7EF95DFA1F26EC4B00CB9826 /* AppFrameworkEvents */,
				7EF95E131F27AF9D00CB9826 /* AppFrameworkMapping */,
				7EF95DFF1F26EF3000CB9826 /* AppFrameworkMessageCenter */,
				7EF95E081F27002500CB9826 /* AppFrameworkParking */,
				7EF95E251F27C8CD00CB9826 /* AppFrameworkRender */,
				55173FDD1D62790500EE540B /* UIConfigurationDefault.plist */,
			);
			path = UIConfiguration;
			sourceTree = "<group>";
		};
		8F4355771BC858B700FFD46C /* Source */ = {
			isa = PBXGroup;
			children = (
				5574F54D1C3AF889007BC741 /* AFCUILocationProviderViewClassTableViewCell.h */,
				5574F54E1C3AF889007BC741 /* AFCUILocationProviderViewClassTableViewCell.m */,
				5574F54A1C3AD921007BC741 /* AFCUIMaasVersionCellViewClassTableViewCell.h */,
				5574F54B1C3AD921007BC741 /* AFCUIMaasVersionCellViewClassTableViewCell.m */,
				3C1DE42E1C3F306B0074369D /* AFGoogleAnalyticsController.h */,
				3C1DE42F1C3F306B0074369D /* AFGoogleAnalyticsController.m */,
				8CF49E0C1E96B23300568A52 /* AFMManagedProviderAlertTableViewCell.h */,
				8CF49E0D1E96B23300568A52 /* AFMManagedProviderAlertTableViewCell.m */,
				8F4355781BC858B700FFD46C /* AppDelegate.h */,
				8F4355791BC858B700FFD46C /* AppDelegate.m */,
				8FDD0F371BD1775500A0C512 /* GenericAppNavigationController.h */,
				8FDD0F381BD1775500A0C512 /* GenericAppNavigationController.m */,
				8FDD0F391BD1775500A0C512 /* GenericAppNavigationController.xib */,
				8F8C54141BD6DB440018A2ED /* SplashViewController.h */,
				8F8C54151BD6DB440018A2ED /* SplashViewController.m */,
				8F8C54161BD6DB440018A2ED /* SplashViewController.xib */,
			);
			path = Source;
			sourceTree = "<group>";
		};
		8F43557C1BC858B700FFD46C /* Assets */ = {
			isa = PBXGroup;
			children = (
				7E66B3861F7564A000B04A7E /* Weather.xcassets */,
				8CA4FA051C8F9FE900E0028C /* 20160120_android_multilayer_sandbox.s3db */,
				8F8C54271BD7E59B0018A2ED /* iTunesArtwork */,
				8F4355811BC858B700FFD46C /* StandardIcons.xcassets */,
				8F43557D1BC858B700FFD46C /* Customization.xcassets */,
				8F43557E1BC858B700FFD46C /* Splash-568h@2x.mov */,
				8F43557F1BC858B700FFD46C /* Splash.mov */,
				8F4355801BC858B700FFD46C /* Splash@2x.mov */,
			);
			path = Assets;
			sourceTree = "<group>";
		};
		8F4355821BC858B700FFD46C /* ActionConfiguration */ = {
			isa = PBXGroup;
			children = (
				8F106FA21BC9D44000CCDD86 /* InteractivePushNotificationCategories.plist */,
				5555DB111C448FDB00E37207 /* ModuleDefinition.plist */,
				8FDD0F481BD190B900A0C512 /* ApplicationShortcuts.plist */,
			);
			path = ActionConfiguration;
			sourceTree = "<group>";
		};
		C3F32B4B1F0ADA0000495919 /* Strings */ = {
			isa = PBXGroup;
			children = (
				C3F32B4C1F0ADA0000495919 /* AppFrameworkCore.strings */,
				C3F32B4E1F0ADA0000495919 /* AppFrameworkDirectory.strings */,
				C3F32B501F0ADA0000495919 /* AppFrameworkEvents.strings */,
				C3F32B521F0ADA0000495919 /* AppFrameworkMapping.strings */,
				C3F32B541F0ADA0000495919 /* AppFrameworkMessageCenter.strings */,
				C3F32B561F0ADA0000495919 /* AppFrameworkParking.strings */,
				C3F32B581F0ADA0000495919 /* AppFrameworkRender.strings */,
			);
			path = Strings;
			sourceTree = "<group>";
		};
		CF99A4EC9477B8A8D7AEE9C6 /* Pods */ = {
			isa = PBXGroup;
			children = (
				CD63D1DBC98CA341DD182074 /* Pods-GenericAF4.debug.xcconfig */,
				C02DC45A51222D0A8E013A46 /* Pods-GenericAF4.release.xcconfig */,
				4FBB0FA85ED06251D65C4E04 /* Pods-GenericAF4.distribution.xcconfig */,
				49FCFC7DF95FB8AE2E10158A /* Pods-GenericAF4.adhoc.xcconfig */,
			);
			name = Pods;
			sourceTree = "<group>";
		};
/* End PBXGroup section */

/* Begin PBXNativeTarget section */
		8F0613091BC8569800A55F16 /* GenericAF4 */ = {
			isa = PBXNativeTarget;
			buildConfigurationList = 8F0613211BC8569800A55F16 /* Build configuration list for PBXNativeTarget "GenericAF4" */;
			buildPhases = (
				66564558351BA9BBD3F9917E /* [CP] Check Pods Manifest.lock */,
				8F0613061BC8569800A55F16 /* Sources */,
				8F0613071BC8569800A55F16 /* Frameworks */,
				8F0613081BC8569800A55F16 /* Resources */,
				8CB729D01C20A1D000F016B7 /* ShellScript */,
				2E58BF4339C92E477C9DCF89 /* [CP] Embed Pods Frameworks */,
				37C060B07D52E596952EAEB1 /* [CP] Copy Pods Resources */,
			);
			buildRules = (
			);
			dependencies = (
			);
			name = GenericAF4;
			productName = MallApp;
			productReference = 8F06130A1BC8569800A55F16 /* GenericAF4.app */;
			productType = "com.apple.product-type.application";
		};
/* End PBXNativeTarget section */

/* Begin PBXProject section */
		8F0613021BC8569800A55F16 /* Project object */ = {
			isa = PBXProject;
			attributes = {
				LastUpgradeCheck = 0810;
				ORGANIZATIONNAME = Phunware;
				TargetAttributes = {
					8F0613091BC8569800A55F16 = {
						CreatedOnToolsVersion = 7.0;
						ProvisioningStyle = Manual;
						SystemCapabilities = {
							com.apple.BackgroundModes = {
								enabled = 1;
							};
							com.apple.Push = {
								enabled = 1;
							};
						};
					};
				};
			};
			buildConfigurationList = 8F0613051BC8569800A55F16 /* Build configuration list for PBXProject "GenericAF4" */;
			compatibilityVersion = "Xcode 3.2";
			developmentRegion = English;
			hasScannedForEncodings = 0;
			knownRegions = (
				en,
				Base,
				es,
				ja,
				ar,
				zh,
				pt,
			);
			mainGroup = 8F0613011BC8569800A55F16;
			productRefGroup = 8F06130B1BC8569800A55F16 /* Products */;
			projectDirPath = "";
			projectRoot = "";
			targets = (
				8F0613091BC8569800A55F16 /* GenericAF4 */,
			);
		};
/* End PBXProject section */

/* Begin PBXResourcesBuildPhase section */
		8F0613081BC8569800A55F16 /* Resources */ = {
			isa = PBXResourcesBuildPhase;
			buildActionMask = 2147483647;
			files = (
				8F8C54181BD6DB440018A2ED /* SplashViewController.xib in Resources */,
				7E66B36F1F70462700B04A7E /* AFCNoticeAlertViewController.plist in Resources */,
				7E66B3781F70465A00B04A7E /* AFMPOIListTableViewCell.plist in Resources */,
				8F4355911BC858B700FFD46C /* Splash-568h@2x.mov in Resources */,
				7EF95E061F26EFDD00CB9826 /* AFMCOfferTableViewCell.plist in Resources */,
				8F8C54281BD7E59B0018A2ED /* iTunesArtwork in Resources */,
				7EF95E1C1F27AFAE00CB9826 /* AFMUIMapPickerTableViewCell.plist in Resources */,
				55BAB7CB1C3EB98600799988 /* PhunwareIntegration.plist in Resources */,
				551BF9281C1B51E9004D7ECD /* (null) in Resources */,
				C3F32B651F0ADA0000495919 /* AppFrameworkMessageCenter.strings in Resources */,
				7EF95DFD1F26EC5E00CB9826 /* EventsDetailViewController.plist in Resources */,
				7EF95E351F27C8DC00CB9826 /* AFCUIWebViewController.plist in Resources */,
				C3F32B671F0ADA0000495919 /* AppFrameworkRender.strings in Resources */,
				7EF95E3D1F27C90400CB9826 /* EventTableViewCell.plist in Resources */,
				133DB99F1F609A1D00E9D791 /* AFMH2VNoticeAlertViewController.plist in Resources */,
				C3F32B661F0ADA0000495919 /* AppFrameworkParking.strings in Resources */,
				551BF9251C1B51E9004D7ECD /* (null) in Resources */,
				7E66B37A1F70465A00B04A7E /* AFMPOIPeekDetailViewController.plist in Resources */,
				551BF9271C1B51E9004D7ECD /* (null) in Resources */,
				7EF95E121F2700EE00CB9826 /* AFCParkingVoiceMemoViewController.plist in Resources */,
				8F4355941BC858B700FFD46C /* StandardIcons.xcassets in Resources */,
				7E66B36D1F7045ED00B04A7E /* AFMOverwriteCustomPoiViewController.plist in Resources */,
				7EF95E071F26EFDD00CB9826 /* AFMCOfferWalletViewController.plist in Resources */,
				7EF95E041F26EFDD00CB9826 /* AFMCOfferDetailViewController.plist in Resources */,
				7EF95E221F27AFAE00CB9826 /* AFMUIRouteViewController.plist in Resources */,
				7EF95E311F27C8DC00CB9826 /* AFCLayerPickerViewController.plist in Resources */,
				A2B61E5E1EAFF5BB0023BC53 /* (null) in Resources */,
				8F4355921BC858B700FFD46C /* Splash.mov in Resources */,
				55173FDE1D62790500EE540B /* UIConfigurationDefault.plist in Resources */,
				7E66B3871F7564A000B04A7E /* Weather.xcassets in Resources */,
				7EF95E231F27AFAE00CB9826 /* AFMUITurnByTurnTableViewCell.plist in Resources */,
				7EF95E051F26EFDD00CB9826 /* AFMCOfferSwipeViewController.plist in Resources */,
				7EF95E0E1F2700EE00CB9826 /* AFCParkingMapViewController.plist in Resources */,
				7EF95E1E1F27AFAE00CB9826 /* AFMUIMapViewController.plist in Resources */,
				7E47F5011F509A5600274CFF /* AFMRouteSelectionViewController.plist in Resources */,
				7EF95E371F27C8F000CB9826 /* AFMUILocationCell.plist in Resources */,
				7EF95E2F1F27C8DC00CB9826 /* AFCItemDetailViewController.plist in Resources */,
				C3F32B621F0ADA0000495919 /* AppFrameworkDirectory.strings in Resources */,
				7EF95E2E1F27C8DC00CB9826 /* AFCBannerNotificationView.plist in Resources */,
				7EF95E301F27C8DC00CB9826 /* AFCLayerPickerTableViewCell.plist in Resources */,
				7EF95E101F2700EE00CB9826 /* AFCParkingPhotoViewController.plist in Resources */,
				8F4355931BC858B700FFD46C /* Splash@2x.mov in Resources */,
				5555DB0F1C448FDB00E37207 /* ModuleDefinition.plist in Resources */,
				7EF95DF51F26E91400CB9826 /* AFDDirectoryItemViewController.plist in Resources */,
				7EF95E0F1F2700EE00CB9826 /* AFCParkingNoteViewController.plist in Resources */,
				551BF9261C1B51E9004D7ECD /* (null) in Resources */,
				7EF95E1D1F27AFAE00CB9826 /* AFMUIMapPickerViewController.plist in Resources */,
				8FDD0F3B1BD1775500A0C512 /* GenericAppNavigationController.xib in Resources */,
				7EF95E111F2700EE00CB9826 /* AFCParkingViewController.plist in Resources */,
				137E88AA1F4CA57600DEF7A3 /* AFCCategoryViewController.plist in Resources */,
				7E66B3791F70465A00B04A7E /* AFMPOIListTrailingImageTableViewCell.plist in Resources */,
				C3F32B631F0ADA0000495919 /* AppFrameworkEvents.strings in Resources */,
				7EF95E1F1F27AFAE00CB9826 /* AFMUIPOIDetailViewController.plist in Resources */,
				7EF95E211F27AFAE00CB9826 /* AFMUIPOIViewController.plist in Resources */,
				8F4355901BC858B700FFD46C /* Customization.xcassets in Resources */,
				8CA4FA061C8F9FE900E0028C /* 20160120_android_multilayer_sandbox.s3db in Resources */,
				7EF95DF91F26E91400CB9826 /* AFDDirectoryViewController.plist in Resources */,
				8FDD0F491BD190B900A0C512 /* ApplicationShortcuts.plist in Resources */,
				7EF95E3B1F27C90400CB9826 /* AFCUIDynamicViewController.plist in Resources */,
				7EF95DF81F26E91400CB9826 /* AFDDirectoryTrailingImageTableViewCell.plist in Resources */,
				7EF95E3C1F27C90400CB9826 /* AFCUITrayMenuViewController.plist in Resources */,
				135B581B1F4CC9B5001A64FA /* AFDDirectoryCategoryViewController.plist in Resources */,
				A2B61E5B1EAFF5BB0023BC53 /* (null) in Resources */,
				C3F32B611F0ADA0000495919 /* AppFrameworkCore.strings in Resources */,
				7E66B3771F70465A00B04A7E /* AFMPOIListNoImageTableViewCell.plist in Resources */,
				8FB674781BD6D73000E7BFE4 /* LaunchScreen.xib in Resources */,
				7E66B3851F7071CD00B04A7E /* AFMDeleteCustomPoiViewController.plist in Resources */,
				7E66B37B1F70465A00B04A7E /* AFMUIPOICategoryViewController.plist in Resources */,
				8F106FA31BC9D44000CCDD86 /* InteractivePushNotificationCategories.plist in Resources */,
				7EF95DFE1F26EC5E00CB9826 /* EventsListViewController.plist in Resources */,
				5555DB031C4460C900E37207 /* InfoPlist.strings in Resources */,
				7EF95DF61F26E91400CB9826 /* AFDDirectoryNoImageTableViewCell.plist in Resources */,
				C3F32B641F0ADA0000495919 /* AppFrameworkMapping.strings in Resources */,
				7EF95E321F27C8DC00CB9826 /* AFCUIEULAViewController.plist in Resources */,
				7E66B3761F70465A00B04A7E /* AFMLocationPermissionRequestViewController.plist in Resources */,
				8F0613181BC8569800A55F16 /* Main.storyboard in Resources */,
				7EF95E341F27C8DC00CB9826 /* AFCUIModalWebBrowser.plist in Resources */,
				7EF95DF71F26E91400CB9826 /* AFDDirectoryTableViewCell.plist in Resources */,
				7EF95E331F27C8DC00CB9826 /* AFCUIImageSplashViewController.plist in Resources */,
				7E66B3911F78C9F200B04A7E /* AFMPOIFullDetailViewController.plist in Resources */,
			);
			runOnlyForDeploymentPostprocessing = 0;
		};
/* End PBXResourcesBuildPhase section */

/* Begin PBXShellScriptBuildPhase section */
		2E58BF4339C92E477C9DCF89 /* [CP] Embed Pods Frameworks */ = {
			isa = PBXShellScriptBuildPhase;
			buildActionMask = 2147483647;
			files = (
			);
			inputPaths = (
				"${SRCROOT}/Pods/Target Support Files/Pods-GenericAF4/Pods-GenericAF4-frameworks.sh",
				"${PODS_ROOT}/MistSDK/Framework/MistSDK.framework",
				"${PODS_ROOT}/PWCore/Framework/PWCore.framework",
			);
			name = "[CP] Embed Pods Frameworks";
			outputPaths = (
				"${TARGET_BUILD_DIR}/${FRAMEWORKS_FOLDER_PATH}/MistSDK.framework",
				"${TARGET_BUILD_DIR}/${FRAMEWORKS_FOLDER_PATH}/PWCore.framework",
			);
			runOnlyForDeploymentPostprocessing = 0;
			shellPath = /bin/sh;
			shellScript = "\"${SRCROOT}/Pods/Target Support Files/Pods-GenericAF4/Pods-GenericAF4-frameworks.sh\"\n";
			showEnvVarsInLog = 0;
		};
		37C060B07D52E596952EAEB1 /* [CP] Copy Pods Resources */ = {
			isa = PBXShellScriptBuildPhase;
			buildActionMask = 2147483647;
			files = (
			);
			inputPaths = (
				"${SRCROOT}/Pods/Target Support Files/Pods-GenericAF4/Pods-GenericAF4-resources.sh",
				"${PODS_ROOT}/PWAds/Framework/PWAds.bundle",
			);
			name = "[CP] Copy Pods Resources";
			outputPaths = (
				"${TARGET_BUILD_DIR}/${UNLOCALIZED_RESOURCES_FOLDER_PATH}",
			);
			runOnlyForDeploymentPostprocessing = 0;
			shellPath = /bin/sh;
			shellScript = "\"${SRCROOT}/Pods/Target Support Files/Pods-GenericAF4/Pods-GenericAF4-resources.sh\"\n";
			showEnvVarsInLog = 0;
		};
		66564558351BA9BBD3F9917E /* [CP] Check Pods Manifest.lock */ = {
			isa = PBXShellScriptBuildPhase;
			buildActionMask = 2147483647;
			files = (
			);
			inputPaths = (
				"${PODS_PODFILE_DIR_PATH}/Podfile.lock",
				"${PODS_ROOT}/Manifest.lock",
			);
			name = "[CP] Check Pods Manifest.lock";
			outputPaths = (
				"$(DERIVED_FILE_DIR)/Pods-GenericAF4-checkManifestLockResult.txt",
			);
			runOnlyForDeploymentPostprocessing = 0;
			shellPath = /bin/sh;
			shellScript = "diff \"${PODS_PODFILE_DIR_PATH}/Podfile.lock\" \"${PODS_ROOT}/Manifest.lock\" > /dev/null\nif [ $? != 0 ] ; then\n    # print error to STDERR\n    echo \"error: The sandbox is not in sync with the Podfile.lock. Run 'pod install' or update your CocoaPods installation.\" >&2\n    exit 1\nfi\n# This output is used by Xcode 'outputs' to avoid re-running this script phase.\necho \"SUCCESS\" > \"${SCRIPT_OUTPUT_FILE_0}\"\n";
			showEnvVarsInLog = 0;
		};
		8CB729D01C20A1D000F016B7 /* ShellScript */ = {
			isa = PBXShellScriptBuildPhase;
			buildActionMask = 2147483647;
			files = (
			);
			inputPaths = (
			);
			outputPaths = (
			);
			runOnlyForDeploymentPostprocessing = 0;
			shellPath = /bin/sh;
			shellScript = "./Crashlytics.framework/run b8127086af392cb1b73dc00a7387bb7a0856138f 47c407d9fb90f3350023f2dac10c37722a9caf3ae98396a16b0b41715177000a";
		};
/* End PBXShellScriptBuildPhase section */

/* Begin PBXSourcesBuildPhase section */
		8F0613061BC8569800A55F16 /* Sources */ = {
			isa = PBXSourcesBuildPhase;
			buildActionMask = 2147483647;
			files = (
				8CF49E0E1E96B23300568A52 /* AFMManagedProviderAlertTableViewCell.m in Sources */,
				3C1DE4301C3F306B0074369D /* AFGoogleAnalyticsController.m in Sources */,
				8F43558E1BC858B700FFD46C /* AppDelegate.m in Sources */,
				8F06130F1BC8569800A55F16 /* main.m in Sources */,
				8FDD0F3A1BD1775500A0C512 /* GenericAppNavigationController.m in Sources */,
				8F8C54171BD6DB440018A2ED /* SplashViewController.m in Sources */,
				5574F54F1C3AF889007BC741 /* AFCUILocationProviderViewClassTableViewCell.m in Sources */,
				5574F54C1C3AD921007BC741 /* AFCUIMaasVersionCellViewClassTableViewCell.m in Sources */,
			);
			runOnlyForDeploymentPostprocessing = 0;
		};
/* End PBXSourcesBuildPhase section */

/* Begin PBXVariantGroup section */
		5555DB051C4460C900E37207 /* InfoPlist.strings */ = {
			isa = PBXVariantGroup;
			children = (
				5555DB041C4460C900E37207 /* Base */,
				5555DB061C4460CC00E37207 /* es */,
				C33EA5BE1E48D78B00D48C28 /* ja */,
				C33EA5BF1E48D78D00D48C28 /* ar */,
				C33EA5C01E48D78E00D48C28 /* zh */,
				52AB9C471EF1E89C00A06AB3 /* pt */,
			);
			name = InfoPlist.strings;
			sourceTree = "<group>";
		};
		5555DB111C448FDB00E37207 /* ModuleDefinition.plist */ = {
			isa = PBXVariantGroup;
			children = (
				5555DB101C448FDB00E37207 /* Base */,
			);
			name = ModuleDefinition.plist;
			sourceTree = "<group>";
		};
		558BA0AF1C44531A00394237 /* Info.plist */ = {
			isa = PBXVariantGroup;
			children = (
				558BA0B01C44533000394237 /* Base */,
			);
			name = Info.plist;
			sourceTree = "<group>";
		};
		55BAB7CD1C3EB98600799988 /* PhunwareIntegration.plist */ = {
			isa = PBXVariantGroup;
			children = (
				55BAB7CC1C3EB98600799988 /* Base */,
				55BAB7CE1C3EB98800799988 /* es */,
				C33EA5B71E4543D100D48C28 /* ja */,
				C33EA5BA1E454AB300D48C28 /* ar */,
				C33EA5BD1E48D77D00D48C28 /* zh */,
				52AB9C481EF1E89D00A06AB3 /* pt */,
			);
			name = PhunwareIntegration.plist;
			sourceTree = "<group>";
		};
		8F0613161BC8569800A55F16 /* Main.storyboard */ = {
			isa = PBXVariantGroup;
			children = (
				C3E9F4A61EFD871C006C7445 /* Base */,
			);
			name = Main.storyboard;
			sourceTree = "<group>";
		};
		C3F32B4C1F0ADA0000495919 /* AppFrameworkCore.strings */ = {
			isa = PBXVariantGroup;
			children = (
				C3F32B4D1F0ADA0000495919 /* en */,
				C3F32B5A1F0ADA0000495919 /* es */,
				7EF95DCF1F22523300CB9826 /* ja */,
				7EF95DD01F2258DE00CB9826 /* ar */,
				7EF95DD11F225DAB00CB9826 /* zh */,
				7EF95DD21F22637800CB9826 /* pt */,
			);
			name = AppFrameworkCore.strings;
			sourceTree = "<group>";
		};
		C3F32B4E1F0ADA0000495919 /* AppFrameworkDirectory.strings */ = {
			isa = PBXVariantGroup;
			children = (
				C3F32B4F1F0ADA0000495919 /* en */,
				C3F32B5B1F0ADA0000495919 /* es */,
				7EF95DD31F229EBE00CB9826 /* ja */,
				7EF95DD41F229F5900CB9826 /* ar */,
				7EF95DD51F229F9600CB9826 /* zh */,
				7EF95DD61F229FD900CB9826 /* pt */,
			);
			name = AppFrameworkDirectory.strings;
			sourceTree = "<group>";
		};
		C3F32B501F0ADA0000495919 /* AppFrameworkEvents.strings */ = {
			isa = PBXVariantGroup;
			children = (
				C3F32B511F0ADA0000495919 /* en */,
				C3F32B5C1F0ADA0000495919 /* es */,
				7EF95DD71F22A31B00CB9826 /* ja */,
				7EF95DD81F22A40B00CB9826 /* ar */,
				7EF95DD91F22A52200CB9826 /* zh */,
				7EF95DDA1F22A5AA00CB9826 /* pt */,
			);
			name = AppFrameworkEvents.strings;
			sourceTree = "<group>";
		};
		C3F32B521F0ADA0000495919 /* AppFrameworkMapping.strings */ = {
			isa = PBXVariantGroup;
			children = (
				C3F32B531F0ADA0000495919 /* en */,
				C3F32B5D1F0ADA0000495919 /* es */,
				7EF95DE71F26683E00CB9826 /* ja */,
				7EF95DE81F266E2500CB9826 /* ar */,
				7EF95DE91F2671FB00CB9826 /* zh */,
				7EF95DEA1F26755900CB9826 /* pt */,
			);
			name = AppFrameworkMapping.strings;
			sourceTree = "<group>";
		};
		C3F32B541F0ADA0000495919 /* AppFrameworkMessageCenter.strings */ = {
			isa = PBXVariantGroup;
			children = (
				C3F32B551F0ADA0000495919 /* en */,
				C3F32B5E1F0ADA0000495919 /* es */,
				7EF95DDB1F2651DA00CB9826 /* ja */,
				7EF95DDC1F2652CD00CB9826 /* ar */,
				7EF95DDD1F26536B00CB9826 /* zh */,
				7EF95DDE1F2653F200CB9826 /* pt */,
			);
			name = AppFrameworkMessageCenter.strings;
			sourceTree = "<group>";
		};
		C3F32B561F0ADA0000495919 /* AppFrameworkParking.strings */ = {
			isa = PBXVariantGroup;
			children = (
				C3F32B571F0ADA0000495919 /* en */,
				C3F32B5F1F0ADA0000495919 /* es */,
				7EF95DDF1F26574000CB9826 /* ja */,
				7EF95DE01F2658B000CB9826 /* ar */,
				7EF95DE11F265A3800CB9826 /* zh */,
				7EF95DE21F265CA600CB9826 /* pt */,
			);
			name = AppFrameworkParking.strings;
			sourceTree = "<group>";
		};
		C3F32B581F0ADA0000495919 /* AppFrameworkRender.strings */ = {
			isa = PBXVariantGroup;
			children = (
				C3F32B591F0ADA0000495919 /* en */,
				C3F32B601F0ADA0000495919 /* es */,
				7EF95DE31F265DDF00CB9826 /* ja */,
				7EF95DE41F265F1C00CB9826 /* ar */,
				7EF95DE51F26639200CB9826 /* zh */,
				7EF95DE61F26657500CB9826 /* pt */,
			);
			name = AppFrameworkRender.strings;
			sourceTree = "<group>";
		};
/* End PBXVariantGroup section */

/* Begin XCBuildConfiguration section */
		8F06131F1BC8569800A55F16 /* Debug */ = {
			isa = XCBuildConfiguration;
			buildSettings = {
				ALWAYS_SEARCH_USER_PATHS = NO;
				CLANG_ALLOW_NON_MODULAR_INCLUDES_IN_FRAMEWORK_MODULES = YES;
				CLANG_ANALYZER_LOCALIZABILITY_NONLOCALIZED = YES;
				CLANG_CXX_LANGUAGE_STANDARD = "gnu++0x";
				CLANG_CXX_LIBRARY = "libc++";
				CLANG_ENABLE_MODULES = YES;
				CLANG_ENABLE_OBJC_ARC = YES;
				CLANG_WARN_BOOL_CONVERSION = YES;
				CLANG_WARN_CONSTANT_CONVERSION = YES;
				CLANG_WARN_DIRECT_OBJC_ISA_USAGE = YES_ERROR;
				CLANG_WARN_EMPTY_BODY = YES;
				CLANG_WARN_ENUM_CONVERSION = YES;
				CLANG_WARN_INFINITE_RECURSION = YES;
				CLANG_WARN_INT_CONVERSION = YES;
				CLANG_WARN_OBJC_ROOT_CLASS = YES_ERROR;
				CLANG_WARN_SUSPICIOUS_MOVE = YES;
				CLANG_WARN_UNREACHABLE_CODE = YES;
				CLANG_WARN__DUPLICATE_METHOD_MATCH = YES;
				"CODE_SIGN_IDENTITY[sdk=iphoneos*]" = "iPhone Developer";
				COPY_PHASE_STRIP = NO;
				DEBUG_INFORMATION_FORMAT = "dwarf-with-dsym";
				ENABLE_STRICT_OBJC_MSGSEND = YES;
				ENABLE_TESTABILITY = YES;
				GCC_C_LANGUAGE_STANDARD = gnu99;
				GCC_DYNAMIC_NO_PIC = NO;
				GCC_NO_COMMON_BLOCKS = YES;
				GCC_OPTIMIZATION_LEVEL = 0;
				GCC_PREPROCESSOR_DEFINITIONS = (
					"DEBUG=1",
					"$(inherited)",
				);
				GCC_WARN_64_TO_32_BIT_CONVERSION = YES;
				GCC_WARN_ABOUT_RETURN_TYPE = YES_ERROR;
				GCC_WARN_UNDECLARED_SELECTOR = YES;
				GCC_WARN_UNINITIALIZED_AUTOS = YES_AGGRESSIVE;
				GCC_WARN_UNUSED_FUNCTION = YES;
				GCC_WARN_UNUSED_VARIABLE = YES;
				IPHONEOS_DEPLOYMENT_TARGET = 9.0;
				MTL_ENABLE_DEBUG_INFO = YES;
				ONLY_ACTIVE_ARCH = YES;
				SDKROOT = iphoneos;
				TARGETED_DEVICE_FAMILY = "1,2";
			};
			name = Debug;
		};
		8F0613201BC8569800A55F16 /* Release */ = {
			isa = XCBuildConfiguration;
			buildSettings = {
				ALWAYS_SEARCH_USER_PATHS = NO;
				CLANG_ALLOW_NON_MODULAR_INCLUDES_IN_FRAMEWORK_MODULES = YES;
				CLANG_ANALYZER_LOCALIZABILITY_NONLOCALIZED = YES;
				CLANG_CXX_LANGUAGE_STANDARD = "gnu++0x";
				CLANG_CXX_LIBRARY = "libc++";
				CLANG_ENABLE_MODULES = YES;
				CLANG_ENABLE_OBJC_ARC = YES;
				CLANG_WARN_BOOL_CONVERSION = YES;
				CLANG_WARN_CONSTANT_CONVERSION = YES;
				CLANG_WARN_DIRECT_OBJC_ISA_USAGE = YES_ERROR;
				CLANG_WARN_EMPTY_BODY = YES;
				CLANG_WARN_ENUM_CONVERSION = YES;
				CLANG_WARN_INFINITE_RECURSION = YES;
				CLANG_WARN_INT_CONVERSION = YES;
				CLANG_WARN_OBJC_ROOT_CLASS = YES_ERROR;
				CLANG_WARN_SUSPICIOUS_MOVE = YES;
				CLANG_WARN_UNREACHABLE_CODE = YES;
				CLANG_WARN__DUPLICATE_METHOD_MATCH = YES;
				"CODE_SIGN_IDENTITY[sdk=iphoneos*]" = "iPhone Developer";
				COPY_PHASE_STRIP = NO;
				DEBUG_INFORMATION_FORMAT = "dwarf-with-dsym";
				ENABLE_NS_ASSERTIONS = NO;
				ENABLE_STRICT_OBJC_MSGSEND = YES;
				GCC_C_LANGUAGE_STANDARD = gnu99;
				GCC_NO_COMMON_BLOCKS = YES;
				GCC_WARN_64_TO_32_BIT_CONVERSION = YES;
				GCC_WARN_ABOUT_RETURN_TYPE = YES_ERROR;
				GCC_WARN_UNDECLARED_SELECTOR = YES;
				GCC_WARN_UNINITIALIZED_AUTOS = YES_AGGRESSIVE;
				GCC_WARN_UNUSED_FUNCTION = YES;
				GCC_WARN_UNUSED_VARIABLE = YES;
				IPHONEOS_DEPLOYMENT_TARGET = 9.0;
				MTL_ENABLE_DEBUG_INFO = NO;
				SDKROOT = iphoneos;
				TARGETED_DEVICE_FAMILY = "1,2";
				VALIDATE_PRODUCT = YES;
			};
			name = Release;
		};
		8F0613221BC8569800A55F16 /* Debug */ = {
			isa = XCBuildConfiguration;
			baseConfigurationReference = CD63D1DBC98CA341DD182074 /* Pods-GenericAF4.debug.xcconfig */;
			buildSettings = {
				ASSETCATALOG_COMPILER_APPICON_NAME = AppIcon;
				ASSETCATALOG_COMPILER_LAUNCHIMAGE_NAME = LaunchImage;
				CLANG_ALLOW_NON_MODULAR_INCLUDES_IN_FRAMEWORK_MODULES = YES;
				CODE_SIGN_ENTITLEMENTS = GenericAF4/GenericAF4.entitlements;
				CODE_SIGN_IDENTITY = "iPhone Developer";
				"CODE_SIGN_IDENTITY[sdk=iphoneos*]" = "iPhone Distribution";
				CODE_SIGN_STYLE = Manual;
				CURRENT_PROJECT_VERSION = 1;
				DEBUG_INFORMATION_FORMAT = "dwarf-with-dsym";
				DEVELOPMENT_TEAM = 84CK77G588;
				ENABLE_BITCODE = NO;
				FRAMEWORK_SEARCH_PATHS = (
					"$(inherited)",
					"$(PROJECT_DIR)",
				);
				INFOPLIST_FILE = Generic/Info.plist;
				IPHONEOS_DEPLOYMENT_TARGET = 10.0;
				LD_RUNPATH_SEARCH_PATHS = "$(inherited) @executable_path/Frameworks";
				ONLY_ACTIVE_ARCH = YES;
				PRODUCT_BUNDLE_IDENTIFIER = com.phunware.generic.af4.ios;
				PRODUCT_NAME = GenericAF4;
				PROVISIONING_PROFILE = "2e705c11-a07c-414d-b44b-8a468dca45c7";
				PROVISIONING_PROFILE_SPECIFIER = GenericAF4_InHousePushEnabled;
				VERSIONING_SYSTEM = "apple-generic";
			};
			name = Debug;
		};
		8F0613231BC8569800A55F16 /* Release */ = {
			isa = XCBuildConfiguration;
			baseConfigurationReference = C02DC45A51222D0A8E013A46 /* Pods-GenericAF4.release.xcconfig */;
			buildSettings = {
				ASSETCATALOG_COMPILER_APPICON_NAME = AppIcon;
				ASSETCATALOG_COMPILER_LAUNCHIMAGE_NAME = LaunchImage;
				CLANG_ALLOW_NON_MODULAR_INCLUDES_IN_FRAMEWORK_MODULES = YES;
				CODE_SIGN_ENTITLEMENTS = GenericAF4/GenericAF4.entitlements;
				CODE_SIGN_IDENTITY = "iPhone Developer";
				"CODE_SIGN_IDENTITY[sdk=iphoneos*]" = "iPhone Developer";
				CODE_SIGN_STYLE = Manual;
				CURRENT_PROJECT_VERSION = 1;
				DEBUG_INFORMATION_FORMAT = "dwarf-with-dsym";
				DEVELOPMENT_TEAM = "";
				ENABLE_BITCODE = NO;
				FRAMEWORK_SEARCH_PATHS = (
					"$(inherited)",
					"$(PROJECT_DIR)",
				);
				INFOPLIST_FILE = Generic/Info.plist;
				IPHONEOS_DEPLOYMENT_TARGET = 10.0;
				LD_RUNPATH_SEARCH_PATHS = "$(inherited) @executable_path/Frameworks";
				ONLY_ACTIVE_ARCH = NO;
				PRODUCT_BUNDLE_IDENTIFIER = com.phunware.generic.af4.ios;
				PRODUCT_NAME = GenericAF4;
				PROVISIONING_PROFILE = "";
				PROVISIONING_PROFILE_SPECIFIER = "";
				VERSIONING_SYSTEM = "apple-generic";
			};
			name = Release;
		};
		8F5FFFD21BCD6F62000B027C /* Distribution */ = {
			isa = XCBuildConfiguration;
			buildSettings = {
				ALWAYS_SEARCH_USER_PATHS = NO;
				CLANG_ALLOW_NON_MODULAR_INCLUDES_IN_FRAMEWORK_MODULES = YES;
				CLANG_ANALYZER_LOCALIZABILITY_NONLOCALIZED = YES;
				CLANG_CXX_LANGUAGE_STANDARD = "gnu++0x";
				CLANG_CXX_LIBRARY = "libc++";
				CLANG_ENABLE_MODULES = YES;
				CLANG_ENABLE_OBJC_ARC = YES;
				CLANG_WARN_BOOL_CONVERSION = YES;
				CLANG_WARN_CONSTANT_CONVERSION = YES;
				CLANG_WARN_DIRECT_OBJC_ISA_USAGE = YES_ERROR;
				CLANG_WARN_EMPTY_BODY = YES;
				CLANG_WARN_ENUM_CONVERSION = YES;
				CLANG_WARN_INFINITE_RECURSION = YES;
				CLANG_WARN_INT_CONVERSION = YES;
				CLANG_WARN_OBJC_ROOT_CLASS = YES_ERROR;
				CLANG_WARN_SUSPICIOUS_MOVE = YES;
				CLANG_WARN_UNREACHABLE_CODE = YES;
				CLANG_WARN__DUPLICATE_METHOD_MATCH = YES;
				"CODE_SIGN_IDENTITY[sdk=iphoneos*]" = "iPhone Developer";
				COPY_PHASE_STRIP = NO;
				DEBUG_INFORMATION_FORMAT = "dwarf-with-dsym";
				ENABLE_NS_ASSERTIONS = NO;
				ENABLE_STRICT_OBJC_MSGSEND = YES;
				GCC_C_LANGUAGE_STANDARD = gnu99;
				GCC_NO_COMMON_BLOCKS = YES;
				GCC_WARN_64_TO_32_BIT_CONVERSION = YES;
				GCC_WARN_ABOUT_RETURN_TYPE = YES_ERROR;
				GCC_WARN_UNDECLARED_SELECTOR = YES;
				GCC_WARN_UNINITIALIZED_AUTOS = YES_AGGRESSIVE;
				GCC_WARN_UNUSED_FUNCTION = YES;
				GCC_WARN_UNUSED_VARIABLE = YES;
				IPHONEOS_DEPLOYMENT_TARGET = 9.0;
				MTL_ENABLE_DEBUG_INFO = NO;
				SDKROOT = iphoneos;
				TARGETED_DEVICE_FAMILY = "1,2";
				VALIDATE_PRODUCT = YES;
			};
			name = Distribution;
		};
		8F5FFFD31BCD6F62000B027C /* Distribution */ = {
			isa = XCBuildConfiguration;
			baseConfigurationReference = 4FBB0FA85ED06251D65C4E04 /* Pods-GenericAF4.distribution.xcconfig */;
			buildSettings = {
				ASSETCATALOG_COMPILER_APPICON_NAME = AppIcon;
				ASSETCATALOG_COMPILER_LAUNCHIMAGE_NAME = LaunchImage;
				CLANG_ALLOW_NON_MODULAR_INCLUDES_IN_FRAMEWORK_MODULES = YES;
				CODE_SIGN_ENTITLEMENTS = GenericAF4/GenericAF4.entitlements;
				CODE_SIGN_IDENTITY = "iPhone Developer";
				"CODE_SIGN_IDENTITY[sdk=iphoneos*]" = "iPhone Developer";
				CODE_SIGN_STYLE = Manual;
				CURRENT_PROJECT_VERSION = 1;
				DEBUG_INFORMATION_FORMAT = "dwarf-with-dsym";
				DEVELOPMENT_TEAM = "";
				ENABLE_BITCODE = NO;
				FRAMEWORK_SEARCH_PATHS = (
					"$(inherited)",
					"$(PROJECT_DIR)",
				);
				GCC_PREPROCESSOR_DEFINITIONS = "COCOAPODS=1";
				INFOPLIST_FILE = Generic/Info.plist;
				IPHONEOS_DEPLOYMENT_TARGET = 10.0;
				LD_RUNPATH_SEARCH_PATHS = "$(inherited) @executable_path/Frameworks";
				ONLY_ACTIVE_ARCH = NO;
				PRODUCT_BUNDLE_IDENTIFIER = com.phunware.generic.af4.ios;
				PRODUCT_NAME = GenericAF4;
				PROVISIONING_PROFILE = "";
				PROVISIONING_PROFILE_SPECIFIER = "";
				VERSIONING_SYSTEM = "apple-generic";
			};
			name = Distribution;
		};
		8F5FFFD41BCD6F6B000B027C /* AdHoc */ = {
			isa = XCBuildConfiguration;
			buildSettings = {
				ALWAYS_SEARCH_USER_PATHS = NO;
				CLANG_ALLOW_NON_MODULAR_INCLUDES_IN_FRAMEWORK_MODULES = YES;
				CLANG_ANALYZER_LOCALIZABILITY_NONLOCALIZED = YES;
				CLANG_CXX_LANGUAGE_STANDARD = "gnu++0x";
				CLANG_CXX_LIBRARY = "libc++";
				CLANG_ENABLE_MODULES = YES;
				CLANG_ENABLE_OBJC_ARC = YES;
				CLANG_WARN_BOOL_CONVERSION = YES;
				CLANG_WARN_CONSTANT_CONVERSION = YES;
				CLANG_WARN_DIRECT_OBJC_ISA_USAGE = YES_ERROR;
				CLANG_WARN_EMPTY_BODY = YES;
				CLANG_WARN_ENUM_CONVERSION = YES;
				CLANG_WARN_INFINITE_RECURSION = YES;
				CLANG_WARN_INT_CONVERSION = YES;
				CLANG_WARN_OBJC_ROOT_CLASS = YES_ERROR;
				CLANG_WARN_SUSPICIOUS_MOVE = YES;
				CLANG_WARN_UNREACHABLE_CODE = YES;
				CLANG_WARN__DUPLICATE_METHOD_MATCH = YES;
				"CODE_SIGN_IDENTITY[sdk=iphoneos*]" = "iPhone Developer";
				COPY_PHASE_STRIP = NO;
				DEBUG_INFORMATION_FORMAT = "dwarf-with-dsym";
				ENABLE_NS_ASSERTIONS = NO;
				ENABLE_STRICT_OBJC_MSGSEND = YES;
				GCC_C_LANGUAGE_STANDARD = gnu99;
				GCC_NO_COMMON_BLOCKS = YES;
				GCC_WARN_64_TO_32_BIT_CONVERSION = YES;
				GCC_WARN_ABOUT_RETURN_TYPE = YES_ERROR;
				GCC_WARN_UNDECLARED_SELECTOR = YES;
				GCC_WARN_UNINITIALIZED_AUTOS = YES_AGGRESSIVE;
				GCC_WARN_UNUSED_FUNCTION = YES;
				GCC_WARN_UNUSED_VARIABLE = YES;
				IPHONEOS_DEPLOYMENT_TARGET = 9.0;
				MTL_ENABLE_DEBUG_INFO = NO;
				SDKROOT = iphoneos;
				TARGETED_DEVICE_FAMILY = "1,2";
				VALIDATE_PRODUCT = YES;
			};
			name = AdHoc;
		};
		8F5FFFD51BCD6F6B000B027C /* AdHoc */ = {
			isa = XCBuildConfiguration;
			baseConfigurationReference = 49FCFC7DF95FB8AE2E10158A /* Pods-GenericAF4.adhoc.xcconfig */;
			buildSettings = {
				ASSETCATALOG_COMPILER_APPICON_NAME = AppIcon;
				ASSETCATALOG_COMPILER_LAUNCHIMAGE_NAME = LaunchImage;
				CLANG_ALLOW_NON_MODULAR_INCLUDES_IN_FRAMEWORK_MODULES = YES;
				CODE_SIGN_ENTITLEMENTS = GenericAF4/GenericAF4.entitlements;
				CODE_SIGN_IDENTITY = "iPhone Developer";
				"CODE_SIGN_IDENTITY[sdk=iphoneos*]" = "iPhone Developer";
				CODE_SIGN_STYLE = Manual;
				CURRENT_PROJECT_VERSION = 1;
				DEBUG_INFORMATION_FORMAT = "dwarf-with-dsym";
				DEVELOPMENT_TEAM = "";
				ENABLE_BITCODE = NO;
				FRAMEWORK_SEARCH_PATHS = (
					"$(inherited)",
					"$(PROJECT_DIR)",
				);
				GCC_PREPROCESSOR_DEFINITIONS = (
					"$(inherited)",
					"COCOAPODS=1",
					"DEBUG=1",
				);
				INFOPLIST_FILE = Generic/Info.plist;
				IPHONEOS_DEPLOYMENT_TARGET = 10.0;
				LD_RUNPATH_SEARCH_PATHS = "$(inherited) @executable_path/Frameworks";
				ONLY_ACTIVE_ARCH = NO;
				PRODUCT_BUNDLE_IDENTIFIER = com.phunware.generic.af4.ios;
				PRODUCT_NAME = GenericAF4;
				PROVISIONING_PROFILE = "";
				PROVISIONING_PROFILE_SPECIFIER = "";
				VERSIONING_SYSTEM = "apple-generic";
			};
			name = AdHoc;
		};
/* End XCBuildConfiguration section */

/* Begin XCConfigurationList section */
		8F0613051BC8569800A55F16 /* Build configuration list for PBXProject "GenericAF4" */ = {
			isa = XCConfigurationList;
			buildConfigurations = (
				8F06131F1BC8569800A55F16 /* Debug */,
				8F0613201BC8569800A55F16 /* Release */,
				8F5FFFD21BCD6F62000B027C /* Distribution */,
				8F5FFFD41BCD6F6B000B027C /* AdHoc */,
			);
			defaultConfigurationIsVisible = 0;
			defaultConfigurationName = Release;
		};
		8F0613211BC8569800A55F16 /* Build configuration list for PBXNativeTarget "GenericAF4" */ = {
			isa = XCConfigurationList;
			buildConfigurations = (
				8F0613221BC8569800A55F16 /* Debug */,
				8F0613231BC8569800A55F16 /* Release */,
				8F5FFFD31BCD6F62000B027C /* Distribution */,
				8F5FFFD51BCD6F6B000B027C /* AdHoc */,
			);
			defaultConfigurationIsVisible = 0;
			defaultConfigurationName = Release;
		};
/* End XCConfigurationList section */
	};
	rootObject = 8F0613021BC8569800A55F16 /* Project object */;
}
